// !$*UTF8*$!
{
	archiveVersion = 1;
	classes = {
	};
	objectVersion = 50;
	objects = {

/* Begin PBXBuildFile section */
		10BCA953214F0224009E5911 /* AppDelegate.m in Sources */ = {isa = PBXBuildFile; fileRef = 10BCA952214F0224009E5911 /* AppDelegate.m */; };
		10BCA956214F0224009E5911 /* ViewController.m in Sources */ = {isa = PBXBuildFile; fileRef = 10BCA955214F0224009E5911 /* ViewController.m */; };
		10BCA958214F0227009E5911 /* Assets.xcassets in Resources */ = {isa = PBXBuildFile; fileRef = 10BCA957214F0227009E5911 /* Assets.xcassets */; };
		10BCA95B214F0227009E5911 /* Main.storyboard in Resources */ = {isa = PBXBuildFile; fileRef = 10BCA959214F0227009E5911 /* Main.storyboard */; };
		10BCA95E214F0227009E5911 /* main.m in Sources */ = {isa = PBXBuildFile; fileRef = 10BCA95D214F0227009E5911 /* main.m */; };
		10BCA969214F0227009E5911 /* FofTests.m in Sources */ = {isa = PBXBuildFile; fileRef = 10BCA968214F0227009E5911 /* FofTests.m */; };
		10BCA974214F0227009E5911 /* FofUITests.m in Sources */ = {isa = PBXBuildFile; fileRef = 10BCA973214F0227009E5911 /* FofUITests.m */; };
		10BCA98521527781009E5911 /* Grid.m in Sources */ = {isa = PBXBuildFile; fileRef = 10BCA98421527781009E5911 /* Grid.m */; };
		10BCA994216297BE009E5911 /* JavaCodeGenerator.m in Sources */ = {isa = PBXBuildFile; fileRef = 10BCA993216297BE009E5911 /* JavaCodeGenerator.m */; };
		10BCA995216297BE009E5911 /* JavaCodeGenerator.m in Sources */ = {isa = PBXBuildFile; fileRef = 10BCA993216297BE009E5911 /* JavaCodeGenerator.m */; };
/* End PBXBuildFile section */

/* Begin PBXContainerItemProxy section */
		10BCA965214F0227009E5911 /* PBXContainerItemProxy */ = {
			isa = PBXContainerItemProxy;
			containerPortal = 10BCA946214F0224009E5911 /* Project object */;
			proxyType = 1;
			remoteGlobalIDString = 10BCA94D214F0224009E5911;
			remoteInfo = Fof;
		};
		10BCA970214F0227009E5911 /* PBXContainerItemProxy */ = {
			isa = PBXContainerItemProxy;
			containerPortal = 10BCA946214F0224009E5911 /* Project object */;
			proxyType = 1;
			remoteGlobalIDString = 10BCA94D214F0224009E5911;
			remoteInfo = Fof;
		};
/* End PBXContainerItemProxy section */

/* Begin PBXFileReference section */
		10BCA94E214F0224009E5911 /* Fof.app */ = {isa = PBXFileReference; explicitFileType = wrapper.application; includeInIndex = 0; path = Fof.app; sourceTree = BUILT_PRODUCTS_DIR; };
		10BCA951214F0224009E5911 /* AppDelegate.h */ = {isa = PBXFileReference; lastKnownFileType = sourcecode.c.h; path = AppDelegate.h; sourceTree = "<group>"; };
		10BCA952214F0224009E5911 /* AppDelegate.m */ = {isa = PBXFileReference; lastKnownFileType = sourcecode.c.objc; path = AppDelegate.m; sourceTree = "<group>"; };
		10BCA954214F0224009E5911 /* ViewController.h */ = {isa = PBXFileReference; lastKnownFileType = sourcecode.c.h; path = ViewController.h; sourceTree = "<group>"; };
		10BCA955214F0224009E5911 /* ViewController.m */ = {isa = PBXFileReference; lastKnownFileType = sourcecode.c.objc; path = ViewController.m; sourceTree = "<group>"; };
		10BCA957214F0227009E5911 /* Assets.xcassets */ = {isa = PBXFileReference; lastKnownFileType = folder.assetcatalog; path = Assets.xcassets; sourceTree = "<group>"; };
		10BCA95A214F0227009E5911 /* Base */ = {isa = PBXFileReference; lastKnownFileType = file.storyboard; name = Base; path = Base.lproj/Main.storyboard; sourceTree = "<group>"; };
		10BCA95C214F0227009E5911 /* Info.plist */ = {isa = PBXFileReference; lastKnownFileType = text.plist.xml; path = Info.plist; sourceTree = "<group>"; };
		10BCA95D214F0227009E5911 /* main.m */ = {isa = PBXFileReference; lastKnownFileType = sourcecode.c.objc; path = main.m; sourceTree = "<group>"; };
		10BCA95F214F0227009E5911 /* Fof.entitlements */ = {isa = PBXFileReference; lastKnownFileType = text.plist.entitlements; path = Fof.entitlements; sourceTree = "<group>"; };
		10BCA964214F0227009E5911 /* FofTests.xctest */ = {isa = PBXFileReference; explicitFileType = wrapper.cfbundle; includeInIndex = 0; path = FofTests.xctest; sourceTree = BUILT_PRODUCTS_DIR; };
		10BCA968214F0227009E5911 /* FofTests.m */ = {isa = PBXFileReference; lastKnownFileType = sourcecode.c.objc; path = FofTests.m; sourceTree = "<group>"; };
		10BCA96A214F0227009E5911 /* Info.plist */ = {isa = PBXFileReference; lastKnownFileType = text.plist.xml; path = Info.plist; sourceTree = "<group>"; };
		10BCA96F214F0227009E5911 /* FofUITests.xctest */ = {isa = PBXFileReference; explicitFileType = wrapper.cfbundle; includeInIndex = 0; path = FofUITests.xctest; sourceTree = BUILT_PRODUCTS_DIR; };
		10BCA973214F0227009E5911 /* FofUITests.m */ = {isa = PBXFileReference; lastKnownFileType = sourcecode.c.objc; path = FofUITests.m; sourceTree = "<group>"; };
		10BCA975214F0227009E5911 /* Info.plist */ = {isa = PBXFileReference; lastKnownFileType = text.plist.xml; path = Info.plist; sourceTree = "<group>"; };
		10BCA98321527781009E5911 /* Grid.h */ = {isa = PBXFileReference; lastKnownFileType = sourcecode.c.h; path = Grid.h; sourceTree = "<group>"; };
		10BCA98421527781009E5911 /* Grid.m */ = {isa = PBXFileReference; lastKnownFileType = sourcecode.c.objc; path = Grid.m; sourceTree = "<group>"; };
		10BCA9912162971B009E5911 /* CodeGenerator.h */ = {isa = PBXFileReference; lastKnownFileType = sourcecode.c.h; path = CodeGenerator.h; sourceTree = "<group>"; };
		10BCA992216297BE009E5911 /* JavaCodeGenerator.h */ = {isa = PBXFileReference; lastKnownFileType = sourcecode.c.h; path = JavaCodeGenerator.h; sourceTree = "<group>"; };
		10BCA993216297BE009E5911 /* JavaCodeGenerator.m */ = {isa = PBXFileReference; lastKnownFileType = sourcecode.c.objc; path = JavaCodeGenerator.m; sourceTree = "<group>"; };
/* End PBXFileReference section */

/* Begin PBXFrameworksBuildPhase section */
		10BCA94B214F0224009E5911 /* Frameworks */ = {
			isa = PBXFrameworksBuildPhase;
			buildActionMask = 2147483647;
			files = (
			);
			runOnlyForDeploymentPostprocessing = 0;
		};
		10BCA961214F0227009E5911 /* Frameworks */ = {
			isa = PBXFrameworksBuildPhase;
			buildActionMask = 2147483647;
			files = (
			);
			runOnlyForDeploymentPostprocessing = 0;
		};
		10BCA96C214F0227009E5911 /* Frameworks */ = {
			isa = PBXFrameworksBuildPhase;
			buildActionMask = 2147483647;
			files = (
			);
			runOnlyForDeploymentPostprocessing = 0;
		};
/* End PBXFrameworksBuildPhase section */

/* Begin PBXGroup section */
		10BCA945214F0224009E5911 = {
			isa = PBXGroup;
			children = (
				10BCA950214F0224009E5911 /* Fof */,
				10BCA967214F0227009E5911 /* FofTests */,
				10BCA972214F0227009E5911 /* FofUITests */,
				10BCA94F214F0224009E5911 /* Products */,
			);
			sourceTree = "<group>";
		};
		10BCA94F214F0224009E5911 /* Products */ = {
			isa = PBXGroup;
			children = (
				10BCA94E214F0224009E5911 /* Fof.app */,
				10BCA964214F0227009E5911 /* FofTests.xctest */,
				10BCA96F214F0227009E5911 /* FofUITests.xctest */,
			);
			name = Products;
			sourceTree = "<group>";
		};
		10BCA950214F0224009E5911 /* Fof */ = {
			isa = PBXGroup;
			children = (
				10BCA951214F0224009E5911 /* AppDelegate.h */,
				10BCA952214F0224009E5911 /* AppDelegate.m */,
				10BCA954214F0224009E5911 /* ViewController.h */,
				10BCA955214F0224009E5911 /* ViewController.m */,
				10BCA957214F0227009E5911 /* Assets.xcassets */,
				10BCA959214F0227009E5911 /* Main.storyboard */,
				10BCA95C214F0227009E5911 /* Info.plist */,
				10BCA95D214F0227009E5911 /* main.m */,
				10BCA95F214F0227009E5911 /* Fof.entitlements */,
				10BCA98321527781009E5911 /* Grid.h */,
				10BCA98421527781009E5911 /* Grid.m */,
				10BCA9912162971B009E5911 /* CodeGenerator.h */,
				10BCA992216297BE009E5911 /* JavaCodeGenerator.h */,
				10BCA993216297BE009E5911 /* JavaCodeGenerator.m */,
			);
			path = Fof;
			sourceTree = "<group>";
		};
		10BCA967214F0227009E5911 /* FofTests */ = {
			isa = PBXGroup;
			children = (
				10BCA968214F0227009E5911 /* FofTests.m */,
				10BCA96A214F0227009E5911 /* Info.plist */,
			);
			path = FofTests;
			sourceTree = "<group>";
		};
		10BCA972214F0227009E5911 /* FofUITests */ = {
			isa = PBXGroup;
			children = (
				10BCA973214F0227009E5911 /* FofUITests.m */,
				10BCA975214F0227009E5911 /* Info.plist */,
			);
			path = FofUITests;
			sourceTree = "<group>";
		};
/* End PBXGroup section */

/* Begin PBXNativeTarget section */
		10BCA94D214F0224009E5911 /* Fof */ = {
			isa = PBXNativeTarget;
			buildConfigurationList = 10BCA978214F0227009E5911 /* Build configuration list for PBXNativeTarget "Fof" */;
			buildPhases = (
				10BCA94A214F0224009E5911 /* Sources */,
				10BCA94B214F0224009E5911 /* Frameworks */,
				10BCA94C214F0224009E5911 /* Resources */,
			);
			buildRules = (
			);
			dependencies = (
			);
			name = Fof;
			productName = Fof;
			productReference = 10BCA94E214F0224009E5911 /* Fof.app */;
			productType = "com.apple.product-type.application";
		};
		10BCA963214F0227009E5911 /* FofTests */ = {
			isa = PBXNativeTarget;
			buildConfigurationList = 10BCA97B214F0227009E5911 /* Build configuration list for PBXNativeTarget "FofTests" */;
			buildPhases = (
				10BCA960214F0227009E5911 /* Sources */,
				10BCA961214F0227009E5911 /* Frameworks */,
				10BCA962214F0227009E5911 /* Resources */,
			);
			buildRules = (
			);
			dependencies = (
				10BCA966214F0227009E5911 /* PBXTargetDependency */,
			);
			name = FofTests;
			productName = FofTests;
			productReference = 10BCA964214F0227009E5911 /* FofTests.xctest */;
			productType = "com.apple.product-type.bundle.unit-test";
		};
		10BCA96E214F0227009E5911 /* FofUITests */ = {
			isa = PBXNativeTarget;
			buildConfigurationList = 10BCA97E214F0227009E5911 /* Build configuration list for PBXNativeTarget "FofUITests" */;
			buildPhases = (
				10BCA96B214F0227009E5911 /* Sources */,
				10BCA96C214F0227009E5911 /* Frameworks */,
				10BCA96D214F0227009E5911 /* Resources */,
			);
			buildRules = (
			);
			dependencies = (
				10BCA971214F0227009E5911 /* PBXTargetDependency */,
			);
			name = FofUITests;
			productName = FofUITests;
			productReference = 10BCA96F214F0227009E5911 /* FofUITests.xctest */;
			productType = "com.apple.product-type.bundle.ui-testing";
		};
/* End PBXNativeTarget section */

/* Begin PBXProject section */
		10BCA946214F0224009E5911 /* Project object */ = {
			isa = PBXProject;
			attributes = {
				LastUpgradeCheck = 0930;
				ORGANIZATIONNAME = "Ian Brown";
				TargetAttributes = {
					10BCA94D214F0224009E5911 = {
						CreatedOnToolsVersion = 9.3;
					};
					10BCA963214F0227009E5911 = {
						CreatedOnToolsVersion = 9.3;
						TestTargetID = 10BCA94D214F0224009E5911;
					};
					10BCA96E214F0227009E5911 = {
						CreatedOnToolsVersion = 9.3;
						TestTargetID = 10BCA94D214F0224009E5911;
					};
				};
			};
			buildConfigurationList = 10BCA949214F0224009E5911 /* Build configuration list for PBXProject "Fof" */;
			compatibilityVersion = "Xcode 9.3";
			developmentRegion = en;
			hasScannedForEncodings = 0;
			knownRegions = (
				en,
				Base,
			);
			mainGroup = 10BCA945214F0224009E5911;
			productRefGroup = 10BCA94F214F0224009E5911 /* Products */;
			projectDirPath = "";
			projectRoot = "";
			targets = (
				10BCA94D214F0224009E5911 /* Fof */,
				10BCA963214F0227009E5911 /* FofTests */,
				10BCA96E214F0227009E5911 /* FofUITests */,
			);
		};
/* End PBXProject section */

/* Begin PBXResourcesBuildPhase section */
		10BCA94C214F0224009E5911 /* Resources */ = {
			isa = PBXResourcesBuildPhase;
			buildActionMask = 2147483647;
			files = (
				10BCA958214F0227009E5911 /* Assets.xcassets in Resources */,
				10BCA95B214F0227009E5911 /* Main.storyboard in Resources */,
			);
			runOnlyForDeploymentPostprocessing = 0;
		};
		10BCA962214F0227009E5911 /* Resources */ = {
			isa = PBXResourcesBuildPhase;
			buildActionMask = 2147483647;
			files = (
			);
			runOnlyForDeploymentPostprocessing = 0;
		};
		10BCA96D214F0227009E5911 /* Resources */ = {
			isa = PBXResourcesBuildPhase;
			buildActionMask = 2147483647;
			files = (
			);
			runOnlyForDeploymentPostprocessing = 0;
		};
/* End PBXResourcesBuildPhase section */

/* Begin PBXSourcesBuildPhase section */
		10BCA94A214F0224009E5911 /* Sources */ = {
			isa = PBXSourcesBuildPhase;
			buildActionMask = 2147483647;
			files = (
				10BCA956214F0224009E5911 /* ViewController.m in Sources */,
				10BCA95E214F0227009E5911 /* main.m in Sources */,
				10BCA994216297BE009E5911 /* JavaCodeGenerator.m in Sources */,
				10BCA953214F0224009E5911 /* AppDelegate.m in Sources */,
				10BCA98521527781009E5911 /* Grid.m in Sources */,
			);
			runOnlyForDeploymentPostprocessing = 0;
		};
		10BCA960214F0227009E5911 /* Sources */ = {
			isa = PBXSourcesBuildPhase;
			buildActionMask = 2147483647;
			files = (
				10BCA995216297BE009E5911 /* JavaCodeGenerator.m in Sources */,
				10BCA969214F0227009E5911 /* FofTests.m in Sources */,
			);
			runOnlyForDeploymentPostprocessing = 0;
		};
		10BCA96B214F0227009E5911 /* Sources */ = {
			isa = PBXSourcesBuildPhase;
			buildActionMask = 2147483647;
			files = (
				10BCA974214F0227009E5911 /* FofUITests.m in Sources */,
			);
			runOnlyForDeploymentPostprocessing = 0;
		};
/* End PBXSourcesBuildPhase section */

/* Begin PBXTargetDependency section */
		10BCA966214F0227009E5911 /* PBXTargetDependency */ = {
			isa = PBXTargetDependency;
			target = 10BCA94D214F0224009E5911 /* Fof */;
			targetProxy = 10BCA965214F0227009E5911 /* PBXContainerItemProxy */;
		};
		10BCA971214F0227009E5911 /* PBXTargetDependency */ = {
			isa = PBXTargetDependency;
			target = 10BCA94D214F0224009E5911 /* Fof */;
			targetProxy = 10BCA970214F0227009E5911 /* PBXContainerItemProxy */;
		};
/* End PBXTargetDependency section */

/* Begin PBXVariantGroup section */
		10BCA959214F0227009E5911 /* Main.storyboard */ = {
			isa = PBXVariantGroup;
			children = (
				10BCA95A214F0227009E5911 /* Base */,
			);
			name = Main.storyboard;
			sourceTree = "<group>";
		};
/* End PBXVariantGroup section */

/* Begin XCBuildConfiguration section */
		10BCA976214F0227009E5911 /* Debug */ = {
			isa = XCBuildConfiguration;
			buildSettings = {
				ALWAYS_SEARCH_USER_PATHS = NO;
				CLANG_ANALYZER_NONNULL = YES;
				CLANG_ANALYZER_NUMBER_OBJECT_CONVERSION = YES_AGGRESSIVE;
				CLANG_CXX_LANGUAGE_STANDARD = "gnu++14";
				CLANG_CXX_LIBRARY = "libc++";
				CLANG_ENABLE_MODULES = YES;
				CLANG_ENABLE_OBJC_ARC = YES;
				CLANG_ENABLE_OBJC_WEAK = YES;
				CLANG_WARN_BLOCK_CAPTURE_AUTORELEASING = YES;
				CLANG_WARN_BOOL_CONVERSION = YES;
				CLANG_WARN_COMMA = YES;
				CLANG_WARN_CONSTANT_CONVERSION = YES;
				CLANG_WARN_DEPRECATED_OBJC_IMPLEMENTATIONS = YES;
				CLANG_WARN_DIRECT_OBJC_ISA_USAGE = YES_ERROR;
				CLANG_WARN_DOCUMENTATION_COMMENTS = YES;
				CLANG_WARN_EMPTY_BODY = YES;
				CLANG_WARN_ENUM_CONVERSION = YES;
				CLANG_WARN_INFINITE_RECURSION = YES;
				CLANG_WARN_INT_CONVERSION = YES;
				CLANG_WARN_NON_LITERAL_NULL_CONVERSION = YES;
				CLANG_WARN_OBJC_IMPLICIT_RETAIN_SELF = YES;
				CLANG_WARN_OBJC_LITERAL_CONVERSION = YES;
				CLANG_WARN_OBJC_ROOT_CLASS = YES_ERROR;
				CLANG_WARN_RANGE_LOOP_ANALYSIS = YES;
				CLANG_WARN_STRICT_PROTOTYPES = YES;
				CLANG_WARN_SUSPICIOUS_MOVE = YES;
				CLANG_WARN_UNGUARDED_AVAILABILITY = YES_AGGRESSIVE;
				CLANG_WARN_UNREACHABLE_CODE = YES;
				CLANG_WARN__DUPLICATE_METHOD_MATCH = YES;
				CODE_SIGN_IDENTITY = "-";
				COPY_PHASE_STRIP = NO;
				DEBUG_INFORMATION_FORMAT = dwarf;
				ENABLE_STRICT_OBJC_MSGSEND = YES;
				ENABLE_TESTABILITY = YES;
				GCC_C_LANGUAGE_STANDARD = gnu11;
				GCC_DYNAMIC_NO_PIC = NO;
				GCC_NO_COMMON_BLOCKS = YES;
				GCC_OPTIMIZATION_LEVEL = 0;
				GCC_PREPROCESSOR_DEFINITIONS = (
					"DEBUG=1",
					"$(inherited)",
				);
				GCC_WARN_64_TO_32_BIT_CONVERSION = YES;
				GCC_WARN_ABOUT_RETURN_TYPE = YES_ERROR;
				GCC_WARN_UNDECLARED_SELECTOR = YES;
				GCC_WARN_UNINITIALIZED_AUTOS = YES_AGGRESSIVE;
				GCC_WARN_UNUSED_FUNCTION = YES;
				GCC_WARN_UNUSED_VARIABLE = YES;
				MACOSX_DEPLOYMENT_TARGET = 10.13;
				MTL_ENABLE_DEBUG_INFO = YES;
				ONLY_ACTIVE_ARCH = YES;
				SDKROOT = macosx;
			};
			name = Debug;
		};
		10BCA977214F0227009E5911 /* Release */ = {
			isa = XCBuildConfiguration;
			buildSettings = {
				ALWAYS_SEARCH_USER_PATHS = NO;
				CLANG_ANALYZER_NONNULL = YES;
				CLANG_ANALYZER_NUMBER_OBJECT_CONVERSION = YES_AGGRESSIVE;
				CLANG_CXX_LANGUAGE_STANDARD = "gnu++14";
				CLANG_CXX_LIBRARY = "libc++";
				CLANG_ENABLE_MODULES = YES;
				CLANG_ENABLE_OBJC_ARC = YES;
				CLANG_ENABLE_OBJC_WEAK = YES;
				CLANG_WARN_BLOCK_CAPTURE_AUTORELEASING = YES;
				CLANG_WARN_BOOL_CONVERSION = YES;
				CLANG_WARN_COMMA = YES;
				CLANG_WARN_CONSTANT_CONVERSION = YES;
				CLANG_WARN_DEPRECATED_OBJC_IMPLEMENTATIONS = YES;
				CLANG_WARN_DIRECT_OBJC_ISA_USAGE = YES_ERROR;
				CLANG_WARN_DOCUMENTATION_COMMENTS = YES;
				CLANG_WARN_EMPTY_BODY = YES;
				CLANG_WARN_ENUM_CONVERSION = YES;
				CLANG_WARN_INFINITE_RECURSION = YES;
				CLANG_WARN_INT_CONVERSION = YES;
				CLANG_WARN_NON_LITERAL_NULL_CONVERSION = YES;
				CLANG_WARN_OBJC_IMPLICIT_RETAIN_SELF = YES;
				CLANG_WARN_OBJC_LITERAL_CONVERSION = YES;
				CLANG_WARN_OBJC_ROOT_CLASS = YES_ERROR;
				CLANG_WARN_RANGE_LOOP_ANALYSIS = YES;
				CLANG_WARN_STRICT_PROTOTYPES = YES;
				CLANG_WARN_SUSPICIOUS_MOVE = YES;
				CLANG_WARN_UNGUARDED_AVAILABILITY = YES_AGGRESSIVE;
				CLANG_WARN_UNREACHABLE_CODE = YES;
				CLANG_WARN__DUPLICATE_METHOD_MATCH = YES;
				CODE_SIGN_IDENTITY = "-";
				COPY_PHASE_STRIP = NO;
				DEBUG_INFORMATION_FORMAT = "dwarf-with-dsym";
				ENABLE_NS_ASSERTIONS = NO;
				ENABLE_STRICT_OBJC_MSGSEND = YES;
				GCC_C_LANGUAGE_STANDARD = gnu11;
				GCC_NO_COMMON_BLOCKS = YES;
				GCC_WARN_64_TO_32_BIT_CONVERSION = YES;
				GCC_WARN_ABOUT_RETURN_TYPE = YES_ERROR;
				GCC_WARN_UNDECLARED_SELECTOR = YES;
				GCC_WARN_UNINITIALIZED_AUTOS = YES_AGGRESSIVE;
				GCC_WARN_UNUSED_FUNCTION = YES;
				GCC_WARN_UNUSED_VARIABLE = YES;
				MACOSX_DEPLOYMENT_TARGET = 10.13;
				MTL_ENABLE_DEBUG_INFO = NO;
				SDKROOT = macosx;
			};
			name = Release;
		};
		10BCA979214F0227009E5911 /* Debug */ = {
			isa = XCBuildConfiguration;
			buildSettings = {
				ASSETCATALOG_COMPILER_APPICON_NAME = AppIcon;
				CODE_SIGN_STYLE = Automatic;
				COMBINE_HIDPI_IMAGES = YES;
				INFOPLIST_FILE = Fof/Info.plist;
				LD_RUNPATH_SEARCH_PATHS = (
					"$(inherited)",
					"@executable_path/../Frameworks",
				);
				PRODUCT_BUNDLE_IDENTIFIER = org.hccp.Fof;
				PRODUCT_NAME = "$(TARGET_NAME)";
			};
			name = Debug;
		};
		10BCA97A214F0227009E5911 /* Release */ = {
			isa = XCBuildConfiguration;
			buildSettings = {
				ASSETCATALOG_COMPILER_APPICON_NAME = AppIcon;
				CODE_SIGN_STYLE = Automatic;
				COMBINE_HIDPI_IMAGES = YES;
				INFOPLIST_FILE = Fof/Info.plist;
				LD_RUNPATH_SEARCH_PATHS = (
					"$(inherited)",
					"@executable_path/../Frameworks",
				);
				PRODUCT_BUNDLE_IDENTIFIER = org.hccp.Fof;
				PRODUCT_NAME = "$(TARGET_NAME)";
			};
			name = Release;
		};
		10BCA97C214F0227009E5911 /* Debug */ = {
			isa = XCBuildConfiguration;
			buildSettings = {
				BUNDLE_LOADER = "$(TEST_HOST)";
				CODE_SIGN_STYLE = Automatic;
				COMBINE_HIDPI_IMAGES = YES;
				INFOPLIST_FILE = FofTests/Info.plist;
				LD_RUNPATH_SEARCH_PATHS = (
					"$(inherited)",
					"@executable_path/../Frameworks",
					"@loader_path/../Frameworks",
				);
				PRODUCT_BUNDLE_IDENTIFIER = org.hccp.FofTests;
				PRODUCT_NAME = "$(TARGET_NAME)";
				TEST_HOST = "$(BUILT_PRODUCTS_DIR)/Fof.app/Contents/MacOS/Fof";
			};
			name = Debug;
		};
		10BCA97D214F0227009E5911 /* Release */ = {
			isa = XCBuildConfiguration;
			buildSettings = {
				BUNDLE_LOADER = "$(TEST_HOST)";
				CODE_SIGN_STYLE = Automatic;
				COMBINE_HIDPI_IMAGES = YES;
				INFOPLIST_FILE = FofTests/Info.plist;
				LD_RUNPATH_SEARCH_PATHS = (
					"$(inherited)",
					"@executable_path/../Frameworks",
					"@loader_path/../Frameworks",
				);
				PRODUCT_BUNDLE_IDENTIFIER = org.hccp.FofTests;
				PRODUCT_NAME = "$(TARGET_NAME)";
				TEST_HOST = "$(BUILT_PRODUCTS_DIR)/Fof.app/Contents/MacOS/Fof";
			};
			name = Release;
		};
		10BCA97F214F0227009E5911 /* Debug */ = {
			isa = XCBuildConfiguration;
			buildSettings = {
				CODE_SIGN_STYLE = Automatic;
				COMBINE_HIDPI_IMAGES = YES;
				INFOPLIST_FILE = FofUITests/Info.plist;
				LD_RUNPATH_SEARCH_PATHS = (
					"$(inherited)",
					"@executable_path/../Frameworks",
					"@loader_path/../Frameworks",
				);
				PRODUCT_BUNDLE_IDENTIFIER = org.hccp.FofUITests;
				PRODUCT_NAME = "$(TARGET_NAME)";
				TEST_TARGET_NAME = Fof;
			};
			name = Debug;
		};
		10BCA980214F0227009E5911 /* Release */ = {
			isa = XCBuildConfiguration;
			buildSettings = {
				CODE_SIGN_STYLE = Automatic;
				COMBINE_HIDPI_IMAGES = YES;
				INFOPLIST_FILE = FofUITests/Info.plist;
				LD_RUNPATH_SEARCH_PATHS = (
					"$(inherited)",
					"@executable_path/../Frameworks",
					"@loader_path/../Frameworks",
				);
				PRODUCT_BUNDLE_IDENTIFIER = org.hccp.FofUITests;
				PRODUCT_NAME = "$(TARGET_NAME)";
				TEST_TARGET_NAME = Fof;
			};
			name = Release;
		};
/* End XCBuildConfiguration section */

/* Begin XCConfigurationList section */
		10BCA949214F0224009E5911 /* Build configuration list for PBXProject "Fof" */ = {
			isa = XCConfigurationList;
			buildConfigurations = (
				10BCA976214F0227009E5911 /* Debug */,
				10BCA977214F0227009E5911 /* Release */,
			);
			defaultConfigurationIsVisible = 0;
			defaultConfigurationName = Release;
		};
		10BCA978214F0227009E5911 /* Build configuration list for PBXNativeTarget "Fof" */ = {
			isa = XCConfigurationList;
			buildConfigurations = (
				10BCA979214F0227009E5911 /* Debug */,
				10BCA97A214F0227009E5911 /* Release */,
			);
			defaultConfigurationIsVisible = 0;
			defaultConfigurationName = Release;
		};
		10BCA97B214F0227009E5911 /* Build configuration list for PBXNativeTarget "FofTests" */ = {
			isa = XCConfigurationList;
			buildConfigurations = (
				10BCA97C214F0227009E5911 /* Debug */,
				10BCA97D214F0227009E5911 /* Release */,
			);
			defaultConfigurationIsVisible = 0;
			defaultConfigurationName = Release;
		};
		10BCA97E214F0227009E5911 /* Build configuration list for PBXNativeTarget "FofUITests" */ = {
			isa = XCConfigurationList;
			buildConfigurations = (
				10BCA97F214F0227009E5911 /* Debug */,
				10BCA980214F0227009E5911 /* Release */,
			);
			defaultConfigurationIsVisible = 0;
			defaultConfigurationName = Release;
		};
/* End XCConfigurationList section */
	};
	rootObject = 10BCA946214F0224009E5911 /* Project object */;
}
