// !$*UTF8*$!
{
	archiveVersion = 1;
	classes = {
	};
	objectVersion = 50;
	objects = {

/* Begin PBXBuildFile section */
		100F813A2463D77100B0B9EA /* libFoF4MacOS.m in Sources */ = {isa = PBXBuildFile; fileRef = 100F81392463D77100B0B9EA /* libFoF4MacOS.m */; };
		100F813B2463D77100B0B9EA /* libFoF4MacOS.h in CopyFiles */ = {isa = PBXBuildFile; fileRef = 100F81382463D77100B0B9EA /* libFoF4MacOS.h */; };
		100F813F2463D80100B0B9EA /* JavaCodeGenerator.m in Sources */ = {isa = PBXBuildFile; fileRef = 10BCA993216297BE009E5911 /* JavaCodeGenerator.m */; };
		100F81402463D80100B0B9EA /* JavaScriptCodeGenerator.m in Sources */ = {isa = PBXBuildFile; fileRef = 105A158E2184BCF8000E50E1 /* JavaScriptCodeGenerator.m */; };
		100F81412463D80100B0B9EA /* PythonCodeGenerator.m in Sources */ = {isa = PBXBuildFile; fileRef = 10AF641821880CE900FE6572 /* PythonCodeGenerator.m */; };
		100F81442463D80100B0B9EA /* ScalaCodeGenerator.m in Sources */ = {isa = PBXBuildFile; fileRef = 105A15892184BC2D000E50E1 /* ScalaCodeGenerator.m */; };
		100F81452463D87C00B0B9EA /* FofWindowController.m in Sources */ = {isa = PBXBuildFile; fileRef = 104CC71D216C54AD00F6E8BC /* FofWindowController.m */; };
		100F81462463D8C600B0B9EA /* FofCodeGenerator.m in Sources */ = {isa = PBXBuildFile; fileRef = 105A15842184B955000E50E1 /* FofCodeGenerator.m */; };
		100F814B2463F8D600B0B9EA /* liblibFoF4MacOS.a in Frameworks */ = {isa = PBXBuildFile; fileRef = 100F81362463D77100B0B9EA /* liblibFoF4MacOS.a */; };
		105A159421863165000E50E1 /* ScalaTemplate.txt in Resources */ = {isa = PBXBuildFile; fileRef = 105A159321863165000E50E1 /* ScalaTemplate.txt */; };
		105A159521863165000E50E1 /* ScalaTemplate.txt in Resources */ = {isa = PBXBuildFile; fileRef = 105A159321863165000E50E1 /* ScalaTemplate.txt */; };
		105A159621863165000E50E1 /* ScalaTemplate.txt in Resources */ = {isa = PBXBuildFile; fileRef = 105A159321863165000E50E1 /* ScalaTemplate.txt */; };
		1095A35B218C947400E1A4FC /* PythonTemplate.txt in Resources */ = {isa = PBXBuildFile; fileRef = 1095A35A218C947400E1A4FC /* PythonTemplate.txt */; };
		1095A35C218C947400E1A4FC /* PythonTemplate.txt in Resources */ = {isa = PBXBuildFile; fileRef = 1095A35A218C947400E1A4FC /* PythonTemplate.txt */; };
		1095A35D218C947400E1A4FC /* PythonTemplate.txt in Resources */ = {isa = PBXBuildFile; fileRef = 1095A35A218C947400E1A4FC /* PythonTemplate.txt */; };
		10AF640F218759AF00FE6572 /* JavaScriptTemplate.txt in Resources */ = {isa = PBXBuildFile; fileRef = 10AF640E218759AF00FE6572 /* JavaScriptTemplate.txt */; };
		10AF6410218759AF00FE6572 /* JavaScriptTemplate.txt in Resources */ = {isa = PBXBuildFile; fileRef = 10AF640E218759AF00FE6572 /* JavaScriptTemplate.txt */; };
		10AF6411218759AF00FE6572 /* JavaScriptTemplate.txt in Resources */ = {isa = PBXBuildFile; fileRef = 10AF640E218759AF00FE6572 /* JavaScriptTemplate.txt */; };
		10BCA953214F0224009E5911 /* AppDelegate.m in Sources */ = {isa = PBXBuildFile; fileRef = 10BCA952214F0224009E5911 /* AppDelegate.m */; };
		10BCA956214F0224009E5911 /* ViewController.m in Sources */ = {isa = PBXBuildFile; fileRef = 10BCA955214F0224009E5911 /* ViewController.m */; };
		10BCA958214F0227009E5911 /* Assets.xcassets in Resources */ = {isa = PBXBuildFile; fileRef = 10BCA957214F0227009E5911 /* Assets.xcassets */; };
		10BCA95B214F0227009E5911 /* Main.storyboard in Resources */ = {isa = PBXBuildFile; fileRef = 10BCA959214F0227009E5911 /* Main.storyboard */; };
		10BCA95E214F0227009E5911 /* main.m in Sources */ = {isa = PBXBuildFile; fileRef = 10BCA95D214F0227009E5911 /* main.m */; };
		10BCA969214F0227009E5911 /* FofTests.m in Sources */ = {isa = PBXBuildFile; fileRef = 10BCA968214F0227009E5911 /* FofTests.m */; };
		10BCA974214F0227009E5911 /* FofUITests.m in Sources */ = {isa = PBXBuildFile; fileRef = 10BCA973214F0227009E5911 /* FofUITests.m */; };
		10BCA98521527781009E5911 /* Grid.m in Sources */ = {isa = PBXBuildFile; fileRef = 10BCA98421527781009E5911 /* Grid.m */; };
		10E371672457DB65000CF572 /* AppDelegate.m in Sources */ = {isa = PBXBuildFile; fileRef = 10E371662457DB65000CF572 /* AppDelegate.m */; };
		10E3716A2457DB65000CF572 /* ViewController.m in Sources */ = {isa = PBXBuildFile; fileRef = 10E371692457DB65000CF572 /* ViewController.m */; };
		10E3716D2457DB65000CF572 /* Main.storyboard in Resources */ = {isa = PBXBuildFile; fileRef = 10E3716B2457DB65000CF572 /* Main.storyboard */; };
		10E371702457DB65000CF572 /* Fof4iOS.xcdatamodeld in Sources */ = {isa = PBXBuildFile; fileRef = 10E3716E2457DB65000CF572 /* Fof4iOS.xcdatamodeld */; };
		10E371722457DB6C000CF572 /* Assets.xcassets in Resources */ = {isa = PBXBuildFile; fileRef = 10E371712457DB6B000CF572 /* Assets.xcassets */; };
		10E371752457DB6C000CF572 /* LaunchScreen.storyboard in Resources */ = {isa = PBXBuildFile; fileRef = 10E371732457DB6C000CF572 /* LaunchScreen.storyboard */; };
		10E371782457DB6C000CF572 /* main.m in Sources */ = {isa = PBXBuildFile; fileRef = 10E371772457DB6C000CF572 /* main.m */; };
		10E371822457DB6C000CF572 /* Fof4iOSTests.m in Sources */ = {isa = PBXBuildFile; fileRef = 10E371812457DB6C000CF572 /* Fof4iOSTests.m */; };
		10E3718D2457DB6C000CF572 /* Fof4iOSUITests.m in Sources */ = {isa = PBXBuildFile; fileRef = 10E3718C2457DB6C000CF572 /* Fof4iOSUITests.m */; };
		10E371A02457DEDA000CF572 /* libFoF4iOS.m in Sources */ = {isa = PBXBuildFile; fileRef = 10E3719F2457DEDA000CF572 /* libFoF4iOS.m */; };
		10E371A12457DEDA000CF572 /* libFoF4iOS.h in CopyFiles */ = {isa = PBXBuildFile; fileRef = 10E3719E2457DEDA000CF572 /* libFoF4iOS.h */; };
		10E4C5A6218F7879004020DB /* JavaTemplate.txt in Resources */ = {isa = PBXBuildFile; fileRef = 10E4C5A5218F7879004020DB /* JavaTemplate.txt */; };
		10E4C5A7218F7879004020DB /* JavaTemplate.txt in Resources */ = {isa = PBXBuildFile; fileRef = 10E4C5A5218F7879004020DB /* JavaTemplate.txt */; };
		10E4C5A8218F7879004020DB /* JavaTemplate.txt in Resources */ = {isa = PBXBuildFile; fileRef = 10E4C5A5218F7879004020DB /* JavaTemplate.txt */; };
/* End PBXBuildFile section */

/* Begin PBXContainerItemProxy section */
		100F81492463D9C300B0B9EA /* PBXContainerItemProxy */ = {
			isa = PBXContainerItemProxy;
			containerPortal = 10BCA946214F0224009E5911 /* Project object */;
			proxyType = 1;
			remoteGlobalIDString = 100F81352463D77100B0B9EA;
			remoteInfo = libFoF4MacOS;
		};
		10BCA965214F0227009E5911 /* PBXContainerItemProxy */ = {
			isa = PBXContainerItemProxy;
			containerPortal = 10BCA946214F0224009E5911 /* Project object */;
			proxyType = 1;
			remoteGlobalIDString = 10BCA94D214F0224009E5911;
			remoteInfo = Fof;
		};
		10BCA970214F0227009E5911 /* PBXContainerItemProxy */ = {
			isa = PBXContainerItemProxy;
			containerPortal = 10BCA946214F0224009E5911 /* Project object */;
			proxyType = 1;
			remoteGlobalIDString = 10BCA94D214F0224009E5911;
			remoteInfo = Fof;
		};
		10E3717E2457DB6C000CF572 /* PBXContainerItemProxy */ = {
			isa = PBXContainerItemProxy;
			containerPortal = 10BCA946214F0224009E5911 /* Project object */;
			proxyType = 1;
			remoteGlobalIDString = 10E371622457DB64000CF572;
			remoteInfo = Fof4iOS;
		};
		10E371892457DB6C000CF572 /* PBXContainerItemProxy */ = {
			isa = PBXContainerItemProxy;
			containerPortal = 10BCA946214F0224009E5911 /* Project object */;
			proxyType = 1;
			remoteGlobalIDString = 10E371622457DB64000CF572;
			remoteInfo = Fof4iOS;
		};
/* End PBXContainerItemProxy section */

/* Begin PBXCopyFilesBuildPhase section */
		100F81342463D77100B0B9EA /* CopyFiles */ = {
			isa = PBXCopyFilesBuildPhase;
			buildActionMask = 2147483647;
			dstPath = "include/$(PRODUCT_NAME)";
			dstSubfolderSpec = 16;
			files = (
				100F813B2463D77100B0B9EA /* libFoF4MacOS.h in CopyFiles */,
			);
			runOnlyForDeploymentPostprocessing = 0;
		};
		10E3719A2457DEDA000CF572 /* CopyFiles */ = {
			isa = PBXCopyFilesBuildPhase;
			buildActionMask = 2147483647;
			dstPath = "include/$(PRODUCT_NAME)";
			dstSubfolderSpec = 16;
			files = (
				10E371A12457DEDA000CF572 /* libFoF4iOS.h in CopyFiles */,
			);
			runOnlyForDeploymentPostprocessing = 0;
		};
/* End PBXCopyFilesBuildPhase section */

/* Begin PBXFileReference section */
		100F81362463D77100B0B9EA /* liblibFoF4MacOS.a */ = {isa = PBXFileReference; explicitFileType = archive.ar; includeInIndex = 0; path = liblibFoF4MacOS.a; sourceTree = BUILT_PRODUCTS_DIR; };
		100F81382463D77100B0B9EA /* libFoF4MacOS.h */ = {isa = PBXFileReference; lastKnownFileType = sourcecode.c.h; path = libFoF4MacOS.h; sourceTree = "<group>"; };
		100F81392463D77100B0B9EA /* libFoF4MacOS.m */ = {isa = PBXFileReference; lastKnownFileType = sourcecode.c.objc; path = libFoF4MacOS.m; sourceTree = "<group>"; };
		104CC71C216C54AD00F6E8BC /* FofWindowController.h */ = {isa = PBXFileReference; lastKnownFileType = sourcecode.c.h; path = FofWindowController.h; sourceTree = "<group>"; };
		104CC71D216C54AD00F6E8BC /* FofWindowController.m */ = {isa = PBXFileReference; lastKnownFileType = sourcecode.c.objc; path = FofWindowController.m; sourceTree = "<group>"; };
		105A15832184B955000E50E1 /* FofCodeGenerator.h */ = {isa = PBXFileReference; lastKnownFileType = sourcecode.c.h; path = FofCodeGenerator.h; sourceTree = "<group>"; };
		105A15842184B955000E50E1 /* FofCodeGenerator.m */ = {isa = PBXFileReference; lastKnownFileType = sourcecode.c.objc; path = FofCodeGenerator.m; sourceTree = "<group>"; };
		105A15882184BC2D000E50E1 /* ScalaCodeGenerator.h */ = {isa = PBXFileReference; lastKnownFileType = sourcecode.c.h; path = ScalaCodeGenerator.h; sourceTree = "<group>"; };
		105A15892184BC2D000E50E1 /* ScalaCodeGenerator.m */ = {isa = PBXFileReference; lastKnownFileType = sourcecode.c.objc; path = ScalaCodeGenerator.m; sourceTree = "<group>"; };
		105A158D2184BCF8000E50E1 /* JavaScriptCodeGenerator.h */ = {isa = PBXFileReference; lastKnownFileType = sourcecode.c.h; path = JavaScriptCodeGenerator.h; sourceTree = "<group>"; };
		105A158E2184BCF8000E50E1 /* JavaScriptCodeGenerator.m */ = {isa = PBXFileReference; lastKnownFileType = sourcecode.c.objc; path = JavaScriptCodeGenerator.m; sourceTree = "<group>"; };
		105A159321863165000E50E1 /* ScalaTemplate.txt */ = {isa = PBXFileReference; lastKnownFileType = text; path = ScalaTemplate.txt; sourceTree = "<group>"; };
		1095A35A218C947400E1A4FC /* PythonTemplate.txt */ = {isa = PBXFileReference; lastKnownFileType = text; path = PythonTemplate.txt; sourceTree = "<group>"; };
		10AF640E218759AF00FE6572 /* JavaScriptTemplate.txt */ = {isa = PBXFileReference; lastKnownFileType = text; path = JavaScriptTemplate.txt; sourceTree = "<group>"; };
		10AF641721880CE900FE6572 /* PythonCodeGenerator.h */ = {isa = PBXFileReference; lastKnownFileType = sourcecode.c.h; path = PythonCodeGenerator.h; sourceTree = "<group>"; };
		10AF641821880CE900FE6572 /* PythonCodeGenerator.m */ = {isa = PBXFileReference; lastKnownFileType = sourcecode.c.objc; path = PythonCodeGenerator.m; sourceTree = "<group>"; };
		10BCA94E214F0224009E5911 /* Fof.app */ = {isa = PBXFileReference; explicitFileType = wrapper.application; includeInIndex = 0; path = Fof.app; sourceTree = BUILT_PRODUCTS_DIR; };
		10BCA951214F0224009E5911 /* AppDelegate.h */ = {isa = PBXFileReference; lastKnownFileType = sourcecode.c.h; path = AppDelegate.h; sourceTree = "<group>"; };
		10BCA952214F0224009E5911 /* AppDelegate.m */ = {isa = PBXFileReference; lastKnownFileType = sourcecode.c.objc; path = AppDelegate.m; sourceTree = "<group>"; };
		10BCA954214F0224009E5911 /* ViewController.h */ = {isa = PBXFileReference; lastKnownFileType = sourcecode.c.h; path = ViewController.h; sourceTree = "<group>"; };
		10BCA955214F0224009E5911 /* ViewController.m */ = {isa = PBXFileReference; lastKnownFileType = sourcecode.c.objc; path = ViewController.m; sourceTree = "<group>"; };
		10BCA957214F0227009E5911 /* Assets.xcassets */ = {isa = PBXFileReference; lastKnownFileType = folder.assetcatalog; path = Assets.xcassets; sourceTree = "<group>"; };
		10BCA95A214F0227009E5911 /* Base */ = {isa = PBXFileReference; lastKnownFileType = file.storyboard; name = Base; path = Base.lproj/Main.storyboard; sourceTree = "<group>"; };
		10BCA95C214F0227009E5911 /* Info.plist */ = {isa = PBXFileReference; lastKnownFileType = text.plist.xml; path = Info.plist; sourceTree = "<group>"; };
		10BCA95D214F0227009E5911 /* main.m */ = {isa = PBXFileReference; lastKnownFileType = sourcecode.c.objc; path = main.m; sourceTree = "<group>"; };
		10BCA95F214F0227009E5911 /* Fof.entitlements */ = {isa = PBXFileReference; lastKnownFileType = text.plist.entitlements; path = Fof.entitlements; sourceTree = "<group>"; };
		10BCA964214F0227009E5911 /* FofTests.xctest */ = {isa = PBXFileReference; explicitFileType = wrapper.cfbundle; includeInIndex = 0; path = FofTests.xctest; sourceTree = BUILT_PRODUCTS_DIR; };
		10BCA968214F0227009E5911 /* FofTests.m */ = {isa = PBXFileReference; lastKnownFileType = sourcecode.c.objc; path = FofTests.m; sourceTree = "<group>"; };
		10BCA96A214F0227009E5911 /* Info.plist */ = {isa = PBXFileReference; lastKnownFileType = text.plist.xml; path = Info.plist; sourceTree = "<group>"; };
		10BCA96F214F0227009E5911 /* FofUITests.xctest */ = {isa = PBXFileReference; explicitFileType = wrapper.cfbundle; includeInIndex = 0; path = FofUITests.xctest; sourceTree = BUILT_PRODUCTS_DIR; };
		10BCA973214F0227009E5911 /* FofUITests.m */ = {isa = PBXFileReference; lastKnownFileType = sourcecode.c.objc; path = FofUITests.m; sourceTree = "<group>"; };
		10BCA975214F0227009E5911 /* Info.plist */ = {isa = PBXFileReference; lastKnownFileType = text.plist.xml; path = Info.plist; sourceTree = "<group>"; };
		10BCA98321527781009E5911 /* Grid.h */ = {isa = PBXFileReference; lastKnownFileType = sourcecode.c.h; path = Grid.h; sourceTree = "<group>"; };
		10BCA98421527781009E5911 /* Grid.m */ = {isa = PBXFileReference; lastKnownFileType = sourcecode.c.objc; path = Grid.m; sourceTree = "<group>"; };
		10BCA9912162971B009E5911 /* CodeGenerator.h */ = {isa = PBXFileReference; lastKnownFileType = sourcecode.c.h; path = CodeGenerator.h; sourceTree = "<group>"; };
		10BCA992216297BE009E5911 /* JavaCodeGenerator.h */ = {isa = PBXFileReference; lastKnownFileType = sourcecode.c.h; path = JavaCodeGenerator.h; sourceTree = "<group>"; };
		10BCA993216297BE009E5911 /* JavaCodeGenerator.m */ = {isa = PBXFileReference; lastKnownFileType = sourcecode.c.objc; path = JavaCodeGenerator.m; sourceTree = "<group>"; };
		10E371632457DB64000CF572 /* Fof4iOS.app */ = {isa = PBXFileReference; explicitFileType = wrapper.application; includeInIndex = 0; path = Fof4iOS.app; sourceTree = BUILT_PRODUCTS_DIR; };
		10E371652457DB65000CF572 /* AppDelegate.h */ = {isa = PBXFileReference; lastKnownFileType = sourcecode.c.h; path = AppDelegate.h; sourceTree = "<group>"; };
		10E371662457DB65000CF572 /* AppDelegate.m */ = {isa = PBXFileReference; lastKnownFileType = sourcecode.c.objc; path = AppDelegate.m; sourceTree = "<group>"; };
		10E371682457DB65000CF572 /* ViewController.h */ = {isa = PBXFileReference; lastKnownFileType = sourcecode.c.h; path = ViewController.h; sourceTree = "<group>"; };
		10E371692457DB65000CF572 /* ViewController.m */ = {isa = PBXFileReference; lastKnownFileType = sourcecode.c.objc; path = ViewController.m; sourceTree = "<group>"; };
		10E3716C2457DB65000CF572 /* Base */ = {isa = PBXFileReference; lastKnownFileType = file.storyboard; name = Base; path = Base.lproj/Main.storyboard; sourceTree = "<group>"; };
		10E3716F2457DB65000CF572 /* Fof4iOS.xcdatamodel */ = {isa = PBXFileReference; lastKnownFileType = wrapper.xcdatamodel; path = Fof4iOS.xcdatamodel; sourceTree = "<group>"; };
		10E371712457DB6B000CF572 /* Assets.xcassets */ = {isa = PBXFileReference; lastKnownFileType = folder.assetcatalog; path = Assets.xcassets; sourceTree = "<group>"; };
		10E371742457DB6C000CF572 /* Base */ = {isa = PBXFileReference; lastKnownFileType = file.storyboard; name = Base; path = Base.lproj/LaunchScreen.storyboard; sourceTree = "<group>"; };
		10E371762457DB6C000CF572 /* Info.plist */ = {isa = PBXFileReference; lastKnownFileType = text.plist.xml; path = Info.plist; sourceTree = "<group>"; };
		10E371772457DB6C000CF572 /* main.m */ = {isa = PBXFileReference; lastKnownFileType = sourcecode.c.objc; path = main.m; sourceTree = "<group>"; };
		10E3717D2457DB6C000CF572 /* Fof4iOSTests.xctest */ = {isa = PBXFileReference; explicitFileType = wrapper.cfbundle; includeInIndex = 0; path = Fof4iOSTests.xctest; sourceTree = BUILT_PRODUCTS_DIR; };
		10E371812457DB6C000CF572 /* Fof4iOSTests.m */ = {isa = PBXFileReference; lastKnownFileType = sourcecode.c.objc; path = Fof4iOSTests.m; sourceTree = "<group>"; };
		10E371832457DB6C000CF572 /* Info.plist */ = {isa = PBXFileReference; lastKnownFileType = text.plist.xml; path = Info.plist; sourceTree = "<group>"; };
		10E371882457DB6C000CF572 /* Fof4iOSUITests.xctest */ = {isa = PBXFileReference; explicitFileType = wrapper.cfbundle; includeInIndex = 0; path = Fof4iOSUITests.xctest; sourceTree = BUILT_PRODUCTS_DIR; };
		10E3718C2457DB6C000CF572 /* Fof4iOSUITests.m */ = {isa = PBXFileReference; lastKnownFileType = sourcecode.c.objc; path = Fof4iOSUITests.m; sourceTree = "<group>"; };
		10E3718E2457DB6C000CF572 /* Info.plist */ = {isa = PBXFileReference; lastKnownFileType = text.plist.xml; path = Info.plist; sourceTree = "<group>"; };
		10E3719C2457DEDA000CF572 /* liblibFoF4iOS.a */ = {isa = PBXFileReference; explicitFileType = archive.ar; includeInIndex = 0; path = liblibFoF4iOS.a; sourceTree = BUILT_PRODUCTS_DIR; };
		10E3719E2457DEDA000CF572 /* libFoF4iOS.h */ = {isa = PBXFileReference; lastKnownFileType = sourcecode.c.h; path = libFoF4iOS.h; sourceTree = "<group>"; };
		10E3719F2457DEDA000CF572 /* libFoF4iOS.m */ = {isa = PBXFileReference; lastKnownFileType = sourcecode.c.objc; path = libFoF4iOS.m; sourceTree = "<group>"; };
		10E4C5A5218F7879004020DB /* JavaTemplate.txt */ = {isa = PBXFileReference; lastKnownFileType = text; path = JavaTemplate.txt; sourceTree = "<group>"; };
/* End PBXFileReference section */

/* Begin PBXFrameworksBuildPhase section */
		100F81332463D77100B0B9EA /* Frameworks */ = {
			isa = PBXFrameworksBuildPhase;
			buildActionMask = 2147483647;
			files = (
			);
			runOnlyForDeploymentPostprocessing = 0;
		};
		10BCA94B214F0224009E5911 /* Frameworks */ = {
			isa = PBXFrameworksBuildPhase;
			buildActionMask = 2147483647;
			files = (
				100F814B2463F8D600B0B9EA /* liblibFoF4MacOS.a in Frameworks */,
			);
			runOnlyForDeploymentPostprocessing = 0;
		};
		10BCA961214F0227009E5911 /* Frameworks */ = {
			isa = PBXFrameworksBuildPhase;
			buildActionMask = 2147483647;
			files = (
			);
			runOnlyForDeploymentPostprocessing = 0;
		};
		10BCA96C214F0227009E5911 /* Frameworks */ = {
			isa = PBXFrameworksBuildPhase;
			buildActionMask = 2147483647;
			files = (
			);
			runOnlyForDeploymentPostprocessing = 0;
		};
		10E371602457DB64000CF572 /* Frameworks */ = {
			isa = PBXFrameworksBuildPhase;
			buildActionMask = 2147483647;
			files = (
			);
			runOnlyForDeploymentPostprocessing = 0;
		};
		10E3717A2457DB6C000CF572 /* Frameworks */ = {
			isa = PBXFrameworksBuildPhase;
			buildActionMask = 2147483647;
			files = (
			);
			runOnlyForDeploymentPostprocessing = 0;
		};
		10E371852457DB6C000CF572 /* Frameworks */ = {
			isa = PBXFrameworksBuildPhase;
			buildActionMask = 2147483647;
			files = (
			);
			runOnlyForDeploymentPostprocessing = 0;
		};
		10E371992457DEDA000CF572 /* Frameworks */ = {
			isa = PBXFrameworksBuildPhase;
			buildActionMask = 2147483647;
			files = (
			);
			runOnlyForDeploymentPostprocessing = 0;
		};
/* End PBXFrameworksBuildPhase section */

/* Begin PBXGroup section */
		100F81372463D77100B0B9EA /* libFoF4MacOS */ = {
			isa = PBXGroup;
			children = (
				105A159221863114000E50E1 /* Resources */,
				10BCA992216297BE009E5911 /* JavaCodeGenerator.h */,
				10BCA993216297BE009E5911 /* JavaCodeGenerator.m */,
				105A15882184BC2D000E50E1 /* ScalaCodeGenerator.h */,
				105A15892184BC2D000E50E1 /* ScalaCodeGenerator.m */,
				105A158D2184BCF8000E50E1 /* JavaScriptCodeGenerator.h */,
				105A158E2184BCF8000E50E1 /* JavaScriptCodeGenerator.m */,
				10AF641721880CE900FE6572 /* PythonCodeGenerator.h */,
				10AF641821880CE900FE6572 /* PythonCodeGenerator.m */,
				10BCA9912162971B009E5911 /* CodeGenerator.h */,
				100F81382463D77100B0B9EA /* libFoF4MacOS.h */,
				100F81392463D77100B0B9EA /* libFoF4MacOS.m */,
			);
			path = libFoF4MacOS;
			sourceTree = "<group>";
		};
		100F81472463D98600B0B9EA /* Frameworks */ = {
			isa = PBXGroup;
			children = (
			);
			name = Frameworks;
			sourceTree = "<group>";
		};
		105A159221863114000E50E1 /* Resources */ = {
			isa = PBXGroup;
			children = (
				105A159321863165000E50E1 /* ScalaTemplate.txt */,
				10AF640E218759AF00FE6572 /* JavaScriptTemplate.txt */,
				1095A35A218C947400E1A4FC /* PythonTemplate.txt */,
				10E4C5A5218F7879004020DB /* JavaTemplate.txt */,
			);
			path = Resources;
			sourceTree = "<group>";
		};
		10BCA945214F0224009E5911 = {
			isa = PBXGroup;
			children = (
				10BCA950214F0224009E5911 /* Fof */,
				10BCA967214F0227009E5911 /* FofTests */,
				10BCA972214F0227009E5911 /* FofUITests */,
				10E371642457DB65000CF572 /* Fof4iOS */,
				10E371802457DB6C000CF572 /* Fof4iOSTests */,
				10E3718B2457DB6C000CF572 /* Fof4iOSUITests */,
				10E3719D2457DEDA000CF572 /* libFoF4iOS */,
				100F81372463D77100B0B9EA /* libFoF4MacOS */,
				10BCA94F214F0224009E5911 /* Products */,
				100F81472463D98600B0B9EA /* Frameworks */,
			);
			sourceTree = "<group>";
		};
		10BCA94F214F0224009E5911 /* Products */ = {
			isa = PBXGroup;
			children = (
				10BCA94E214F0224009E5911 /* Fof.app */,
				10BCA964214F0227009E5911 /* FofTests.xctest */,
				10BCA96F214F0227009E5911 /* FofUITests.xctest */,
				10E371632457DB64000CF572 /* Fof4iOS.app */,
				10E3717D2457DB6C000CF572 /* Fof4iOSTests.xctest */,
				10E371882457DB6C000CF572 /* Fof4iOSUITests.xctest */,
				10E3719C2457DEDA000CF572 /* liblibFoF4iOS.a */,
				100F81362463D77100B0B9EA /* liblibFoF4MacOS.a */,
			);
			name = Products;
			sourceTree = "<group>";
		};
		10BCA950214F0224009E5911 /* Fof */ = {
			isa = PBXGroup;
			children = (
				10BCA951214F0224009E5911 /* AppDelegate.h */,
				10BCA952214F0224009E5911 /* AppDelegate.m */,
				104CC71C216C54AD00F6E8BC /* FofWindowController.h */,
				104CC71D216C54AD00F6E8BC /* FofWindowController.m */,
				105A15832184B955000E50E1 /* FofCodeGenerator.h */,
				105A15842184B955000E50E1 /* FofCodeGenerator.m */,
				10BCA954214F0224009E5911 /* ViewController.h */,
				10BCA955214F0224009E5911 /* ViewController.m */,
				10BCA957214F0227009E5911 /* Assets.xcassets */,
				10BCA959214F0227009E5911 /* Main.storyboard */,
				10BCA95C214F0227009E5911 /* Info.plist */,
				10BCA95D214F0227009E5911 /* main.m */,
				10BCA95F214F0227009E5911 /* Fof.entitlements */,
				10BCA98321527781009E5911 /* Grid.h */,
				10BCA98421527781009E5911 /* Grid.m */,
			);
			path = Fof;
			sourceTree = "<group>";
		};
		10BCA967214F0227009E5911 /* FofTests */ = {
			isa = PBXGroup;
			children = (
				10BCA968214F0227009E5911 /* FofTests.m */,
				10BCA96A214F0227009E5911 /* Info.plist */,
			);
			path = FofTests;
			sourceTree = "<group>";
		};
		10BCA972214F0227009E5911 /* FofUITests */ = {
			isa = PBXGroup;
			children = (
				10BCA973214F0227009E5911 /* FofUITests.m */,
				10BCA975214F0227009E5911 /* Info.plist */,
			);
			path = FofUITests;
			sourceTree = "<group>";
		};
		10E371642457DB65000CF572 /* Fof4iOS */ = {
			isa = PBXGroup;
			children = (
				10E371652457DB65000CF572 /* AppDelegate.h */,
				10E371662457DB65000CF572 /* AppDelegate.m */,
				10E371682457DB65000CF572 /* ViewController.h */,
				10E371692457DB65000CF572 /* ViewController.m */,
				10E3716B2457DB65000CF572 /* Main.storyboard */,
				10E371712457DB6B000CF572 /* Assets.xcassets */,
				10E371732457DB6C000CF572 /* LaunchScreen.storyboard */,
				10E371762457DB6C000CF572 /* Info.plist */,
				10E371772457DB6C000CF572 /* main.m */,
				10E3716E2457DB65000CF572 /* Fof4iOS.xcdatamodeld */,
			);
			path = Fof4iOS;
			sourceTree = "<group>";
		};
		10E371802457DB6C000CF572 /* Fof4iOSTests */ = {
			isa = PBXGroup;
			children = (
				10E371812457DB6C000CF572 /* Fof4iOSTests.m */,
				10E371832457DB6C000CF572 /* Info.plist */,
			);
			path = Fof4iOSTests;
			sourceTree = "<group>";
		};
		10E3718B2457DB6C000CF572 /* Fof4iOSUITests */ = {
			isa = PBXGroup;
			children = (
				10E3718C2457DB6C000CF572 /* Fof4iOSUITests.m */,
				10E3718E2457DB6C000CF572 /* Info.plist */,
			);
			path = Fof4iOSUITests;
			sourceTree = "<group>";
		};
		10E3719D2457DEDA000CF572 /* libFoF4iOS */ = {
			isa = PBXGroup;
			children = (
				10E3719E2457DEDA000CF572 /* libFoF4iOS.h */,
				10E3719F2457DEDA000CF572 /* libFoF4iOS.m */,
			);
			path = libFoF4iOS;
			sourceTree = "<group>";
		};
/* End PBXGroup section */

/* Begin PBXNativeTarget section */
		100F81352463D77100B0B9EA /* libFoF4MacOS */ = {
			isa = PBXNativeTarget;
			buildConfigurationList = 100F813E2463D77100B0B9EA /* Build configuration list for PBXNativeTarget "libFoF4MacOS" */;
			buildPhases = (
				100F81322463D77100B0B9EA /* Sources */,
				100F81332463D77100B0B9EA /* Frameworks */,
				100F81342463D77100B0B9EA /* CopyFiles */,
			);
			buildRules = (
			);
			dependencies = (
			);
			name = libFoF4MacOS;
			productName = libFoF4MacOS;
			productReference = 100F81362463D77100B0B9EA /* liblibFoF4MacOS.a */;
			productType = "com.apple.product-type.library.static";
		};
		10BCA94D214F0224009E5911 /* Fof */ = {
			isa = PBXNativeTarget;
			buildConfigurationList = 10BCA978214F0227009E5911 /* Build configuration list for PBXNativeTarget "Fof" */;
			buildPhases = (
				10BCA94A214F0224009E5911 /* Sources */,
				10BCA94B214F0224009E5911 /* Frameworks */,
				10BCA94C214F0224009E5911 /* Resources */,
			);
			buildRules = (
			);
			dependencies = (
				100F814A2463D9C300B0B9EA /* PBXTargetDependency */,
			);
			name = Fof;
			productName = Fof;
			productReference = 10BCA94E214F0224009E5911 /* Fof.app */;
			productType = "com.apple.product-type.application";
		};
		10BCA963214F0227009E5911 /* FofTests */ = {
			isa = PBXNativeTarget;
			buildConfigurationList = 10BCA97B214F0227009E5911 /* Build configuration list for PBXNativeTarget "FofTests" */;
			buildPhases = (
				10BCA960214F0227009E5911 /* Sources */,
				10BCA961214F0227009E5911 /* Frameworks */,
				10BCA962214F0227009E5911 /* Resources */,
			);
			buildRules = (
			);
			dependencies = (
				10BCA966214F0227009E5911 /* PBXTargetDependency */,
			);
			name = FofTests;
			productName = FofTests;
			productReference = 10BCA964214F0227009E5911 /* FofTests.xctest */;
			productType = "com.apple.product-type.bundle.unit-test";
		};
		10BCA96E214F0227009E5911 /* FofUITests */ = {
			isa = PBXNativeTarget;
			buildConfigurationList = 10BCA97E214F0227009E5911 /* Build configuration list for PBXNativeTarget "FofUITests" */;
			buildPhases = (
				10BCA96B214F0227009E5911 /* Sources */,
				10BCA96C214F0227009E5911 /* Frameworks */,
				10BCA96D214F0227009E5911 /* Resources */,
			);
			buildRules = (
			);
			dependencies = (
				10BCA971214F0227009E5911 /* PBXTargetDependency */,
			);
			name = FofUITests;
			productName = FofUITests;
			productReference = 10BCA96F214F0227009E5911 /* FofUITests.xctest */;
			productType = "com.apple.product-type.bundle.ui-testing";
		};
		10E371622457DB64000CF572 /* Fof4iOS */ = {
			isa = PBXNativeTarget;
			buildConfigurationList = 10E371952457DB6C000CF572 /* Build configuration list for PBXNativeTarget "Fof4iOS" */;
			buildPhases = (
				10E3715F2457DB64000CF572 /* Sources */,
				10E371602457DB64000CF572 /* Frameworks */,
				10E371612457DB64000CF572 /* Resources */,
			);
			buildRules = (
			);
			dependencies = (
			);
			name = Fof4iOS;
			productName = Fof4iOS;
			productReference = 10E371632457DB64000CF572 /* Fof4iOS.app */;
			productType = "com.apple.product-type.application";
		};
		10E3717C2457DB6C000CF572 /* Fof4iOSTests */ = {
			isa = PBXNativeTarget;
			buildConfigurationList = 10E371962457DB6C000CF572 /* Build configuration list for PBXNativeTarget "Fof4iOSTests" */;
			buildPhases = (
				10E371792457DB6C000CF572 /* Sources */,
				10E3717A2457DB6C000CF572 /* Frameworks */,
				10E3717B2457DB6C000CF572 /* Resources */,
			);
			buildRules = (
			);
			dependencies = (
				10E3717F2457DB6C000CF572 /* PBXTargetDependency */,
			);
			name = Fof4iOSTests;
			productName = Fof4iOSTests;
			productReference = 10E3717D2457DB6C000CF572 /* Fof4iOSTests.xctest */;
			productType = "com.apple.product-type.bundle.unit-test";
		};
		10E371872457DB6C000CF572 /* Fof4iOSUITests */ = {
			isa = PBXNativeTarget;
			buildConfigurationList = 10E371972457DB6C000CF572 /* Build configuration list for PBXNativeTarget "Fof4iOSUITests" */;
			buildPhases = (
				10E371842457DB6C000CF572 /* Sources */,
				10E371852457DB6C000CF572 /* Frameworks */,
				10E371862457DB6C000CF572 /* Resources */,
			);
			buildRules = (
			);
			dependencies = (
				10E3718A2457DB6C000CF572 /* PBXTargetDependency */,
			);
			name = Fof4iOSUITests;
			productName = Fof4iOSUITests;
			productReference = 10E371882457DB6C000CF572 /* Fof4iOSUITests.xctest */;
			productType = "com.apple.product-type.bundle.ui-testing";
		};
		10E3719B2457DEDA000CF572 /* libFoF4iOS */ = {
			isa = PBXNativeTarget;
			buildConfigurationList = 10E371A22457DEDA000CF572 /* Build configuration list for PBXNativeTarget "libFoF4iOS" */;
			buildPhases = (
				10E371982457DEDA000CF572 /* Sources */,
				10E371992457DEDA000CF572 /* Frameworks */,
				10E3719A2457DEDA000CF572 /* CopyFiles */,
			);
			buildRules = (
			);
			dependencies = (
			);
			name = libFoF4iOS;
			productName = libFoF4iOS;
			productReference = 10E3719C2457DEDA000CF572 /* liblibFoF4iOS.a */;
			productType = "com.apple.product-type.library.static";
		};
/* End PBXNativeTarget section */

/* Begin PBXProject section */
		10BCA946214F0224009E5911 /* Project object */ = {
			isa = PBXProject;
			attributes = {
				LastUpgradeCheck = 0930;
				ORGANIZATIONNAME = "Ian Brown";
				TargetAttributes = {
					100F81352463D77100B0B9EA = {
						CreatedOnToolsVersion = 10.2.1;
					};
					10BCA94D214F0224009E5911 = {
						CreatedOnToolsVersion = 9.3;
						SystemCapabilities = {
							com.apple.HardenedRuntime = {
								enabled = 1;
							};
							com.apple.Sandbox = {
								enabled = 1;
							};
						};
					};
					10BCA963214F0227009E5911 = {
						CreatedOnToolsVersion = 9.3;
						TestTargetID = 10BCA94D214F0224009E5911;
					};
					10BCA96E214F0227009E5911 = {
						CreatedOnToolsVersion = 9.3;
						TestTargetID = 10BCA94D214F0224009E5911;
					};
					10E371622457DB64000CF572 = {
						CreatedOnToolsVersion = 10.2.1;
					};
					10E3717C2457DB6C000CF572 = {
						CreatedOnToolsVersion = 10.2.1;
						TestTargetID = 10E371622457DB64000CF572;
					};
					10E371872457DB6C000CF572 = {
						CreatedOnToolsVersion = 10.2.1;
						TestTargetID = 10E371622457DB64000CF572;
					};
					10E3719B2457DEDA000CF572 = {
						CreatedOnToolsVersion = 10.2.1;
					};
				};
			};
			buildConfigurationList = 10BCA949214F0224009E5911 /* Build configuration list for PBXProject "Fof" */;
			compatibilityVersion = "Xcode 9.3";
			developmentRegion = en;
			hasScannedForEncodings = 0;
			knownRegions = (
				en,
				Base,
			);
			mainGroup = 10BCA945214F0224009E5911;
			productRefGroup = 10BCA94F214F0224009E5911 /* Products */;
			projectDirPath = "";
			projectRoot = "";
			targets = (
				10BCA94D214F0224009E5911 /* Fof */,
				100F81352463D77100B0B9EA /* libFoF4MacOS */,
				10BCA963214F0227009E5911 /* FofTests */,
				10BCA96E214F0227009E5911 /* FofUITests */,
				10E371622457DB64000CF572 /* Fof4iOS */,
				10E3717C2457DB6C000CF572 /* Fof4iOSTests */,
				10E371872457DB6C000CF572 /* Fof4iOSUITests */,
				10E3719B2457DEDA000CF572 /* libFoF4iOS */,
			);
		};
/* End PBXProject section */

/* Begin PBXResourcesBuildPhase section */
		10BCA94C214F0224009E5911 /* Resources */ = {
			isa = PBXResourcesBuildPhase;
			buildActionMask = 2147483647;
			files = (
				10E4C5A6218F7879004020DB /* JavaTemplate.txt in Resources */,
				10BCA958214F0227009E5911 /* Assets.xcassets in Resources */,
				105A159421863165000E50E1 /* ScalaTemplate.txt in Resources */,
				10BCA95B214F0227009E5911 /* Main.storyboard in Resources */,
				1095A35B218C947400E1A4FC /* PythonTemplate.txt in Resources */,
				10AF640F218759AF00FE6572 /* JavaScriptTemplate.txt in Resources */,
			);
			runOnlyForDeploymentPostprocessing = 0;
		};
		10BCA962214F0227009E5911 /* Resources */ = {
			isa = PBXResourcesBuildPhase;
			buildActionMask = 2147483647;
			files = (
				10E4C5A7218F7879004020DB /* JavaTemplate.txt in Resources */,
				105A159521863165000E50E1 /* ScalaTemplate.txt in Resources */,
				10AF6410218759AF00FE6572 /* JavaScriptTemplate.txt in Resources */,
				1095A35C218C947400E1A4FC /* PythonTemplate.txt in Resources */,
			);
			runOnlyForDeploymentPostprocessing = 0;
		};
		10BCA96D214F0227009E5911 /* Resources */ = {
			isa = PBXResourcesBuildPhase;
			buildActionMask = 2147483647;
			files = (
				10E4C5A8218F7879004020DB /* JavaTemplate.txt in Resources */,
				105A159621863165000E50E1 /* ScalaTemplate.txt in Resources */,
				10AF6411218759AF00FE6572 /* JavaScriptTemplate.txt in Resources */,
				1095A35D218C947400E1A4FC /* PythonTemplate.txt in Resources */,
			);
			runOnlyForDeploymentPostprocessing = 0;
		};
		10E371612457DB64000CF572 /* Resources */ = {
			isa = PBXResourcesBuildPhase;
			buildActionMask = 2147483647;
			files = (
				10E371752457DB6C000CF572 /* LaunchScreen.storyboard in Resources */,
				10E371722457DB6C000CF572 /* Assets.xcassets in Resources */,
				10E3716D2457DB65000CF572 /* Main.storyboard in Resources */,
			);
			runOnlyForDeploymentPostprocessing = 0;
		};
		10E3717B2457DB6C000CF572 /* Resources */ = {
			isa = PBXResourcesBuildPhase;
			buildActionMask = 2147483647;
			files = (
			);
			runOnlyForDeploymentPostprocessing = 0;
		};
		10E371862457DB6C000CF572 /* Resources */ = {
			isa = PBXResourcesBuildPhase;
			buildActionMask = 2147483647;
			files = (
			);
			runOnlyForDeploymentPostprocessing = 0;
		};
/* End PBXResourcesBuildPhase section */

/* Begin PBXSourcesBuildPhase section */
		100F81322463D77100B0B9EA /* Sources */ = {
			isa = PBXSourcesBuildPhase;
			buildActionMask = 2147483647;
			files = (
				100F81412463D80100B0B9EA /* PythonCodeGenerator.m in Sources */,
				100F813F2463D80100B0B9EA /* JavaCodeGenerator.m in Sources */,
				100F81442463D80100B0B9EA /* ScalaCodeGenerator.m in Sources */,
				100F813A2463D77100B0B9EA /* libFoF4MacOS.m in Sources */,
				100F81402463D80100B0B9EA /* JavaScriptCodeGenerator.m in Sources */,
			);
			runOnlyForDeploymentPostprocessing = 0;
		};
		10BCA94A214F0224009E5911 /* Sources */ = {
			isa = PBXSourcesBuildPhase;
			buildActionMask = 2147483647;
			files = (
				10BCA956214F0224009E5911 /* ViewController.m in Sources */,
				100F81452463D87C00B0B9EA /* FofWindowController.m in Sources */,
				10BCA95E214F0227009E5911 /* main.m in Sources */,
				10BCA953214F0224009E5911 /* AppDelegate.m in Sources */,
				100F81462463D8C600B0B9EA /* FofCodeGenerator.m in Sources */,
				10BCA98521527781009E5911 /* Grid.m in Sources */,
			);
			runOnlyForDeploymentPostprocessing = 0;
		};
		10BCA960214F0227009E5911 /* Sources */ = {
			isa = PBXSourcesBuildPhase;
			buildActionMask = 2147483647;
			files = (
				10BCA969214F0227009E5911 /* FofTests.m in Sources */,
			);
			runOnlyForDeploymentPostprocessing = 0;
		};
		10BCA96B214F0227009E5911 /* Sources */ = {
			isa = PBXSourcesBuildPhase;
			buildActionMask = 2147483647;
			files = (
				10BCA974214F0227009E5911 /* FofUITests.m in Sources */,
			);
			runOnlyForDeploymentPostprocessing = 0;
		};
		10E3715F2457DB64000CF572 /* Sources */ = {
			isa = PBXSourcesBuildPhase;
			buildActionMask = 2147483647;
			files = (
				10E3716A2457DB65000CF572 /* ViewController.m in Sources */,
				10E371672457DB65000CF572 /* AppDelegate.m in Sources */,
				10E371782457DB6C000CF572 /* main.m in Sources */,
				10E371702457DB65000CF572 /* Fof4iOS.xcdatamodeld in Sources */,
			);
			runOnlyForDeploymentPostprocessing = 0;
		};
		10E371792457DB6C000CF572 /* Sources */ = {
			isa = PBXSourcesBuildPhase;
			buildActionMask = 2147483647;
			files = (
				10E371822457DB6C000CF572 /* Fof4iOSTests.m in Sources */,
			);
			runOnlyForDeploymentPostprocessing = 0;
		};
		10E371842457DB6C000CF572 /* Sources */ = {
			isa = PBXSourcesBuildPhase;
			buildActionMask = 2147483647;
			files = (
				10E3718D2457DB6C000CF572 /* Fof4iOSUITests.m in Sources */,
			);
			runOnlyForDeploymentPostprocessing = 0;
		};
		10E371982457DEDA000CF572 /* Sources */ = {
			isa = PBXSourcesBuildPhase;
			buildActionMask = 2147483647;
			files = (
				10E371A02457DEDA000CF572 /* libFoF4iOS.m in Sources */,
			);
			runOnlyForDeploymentPostprocessing = 0;
		};
/* End PBXSourcesBuildPhase section */

/* Begin PBXTargetDependency section */
		100F814A2463D9C300B0B9EA /* PBXTargetDependency */ = {
			isa = PBXTargetDependency;
			target = 100F81352463D77100B0B9EA /* libFoF4MacOS */;
			targetProxy = 100F81492463D9C300B0B9EA /* PBXContainerItemProxy */;
		};
		10BCA966214F0227009E5911 /* PBXTargetDependency */ = {
			isa = PBXTargetDependency;
			target = 10BCA94D214F0224009E5911 /* Fof */;
			targetProxy = 10BCA965214F0227009E5911 /* PBXContainerItemProxy */;
		};
		10BCA971214F0227009E5911 /* PBXTargetDependency */ = {
			isa = PBXTargetDependency;
			target = 10BCA94D214F0224009E5911 /* Fof */;
			targetProxy = 10BCA970214F0227009E5911 /* PBXContainerItemProxy */;
		};
		10E3717F2457DB6C000CF572 /* PBXTargetDependency */ = {
			isa = PBXTargetDependency;
			target = 10E371622457DB64000CF572 /* Fof4iOS */;
			targetProxy = 10E3717E2457DB6C000CF572 /* PBXContainerItemProxy */;
		};
		10E3718A2457DB6C000CF572 /* PBXTargetDependency */ = {
			isa = PBXTargetDependency;
			target = 10E371622457DB64000CF572 /* Fof4iOS */;
			targetProxy = 10E371892457DB6C000CF572 /* PBXContainerItemProxy */;
		};
/* End PBXTargetDependency section */

/* Begin PBXVariantGroup section */
		10BCA959214F0227009E5911 /* Main.storyboard */ = {
			isa = PBXVariantGroup;
			children = (
				10BCA95A214F0227009E5911 /* Base */,
			);
			name = Main.storyboard;
			sourceTree = "<group>";
		};
		10E3716B2457DB65000CF572 /* Main.storyboard */ = {
			isa = PBXVariantGroup;
			children = (
				10E3716C2457DB65000CF572 /* Base */,
			);
			name = Main.storyboard;
			sourceTree = "<group>";
		};
		10E371732457DB6C000CF572 /* LaunchScreen.storyboard */ = {
			isa = PBXVariantGroup;
			children = (
				10E371742457DB6C000CF572 /* Base */,
			);
			name = LaunchScreen.storyboard;
			sourceTree = "<group>";
		};
/* End PBXVariantGroup section */

/* Begin XCBuildConfiguration section */
		100F813C2463D77100B0B9EA /* Debug */ = {
			isa = XCBuildConfiguration;
			buildSettings = {
				CODE_SIGN_IDENTITY = "iPhone Developer";
				CODE_SIGN_STYLE = Automatic;
				DEVELOPMENT_TEAM = 855SPZ345Z;
				IPHONEOS_DEPLOYMENT_TARGET = 12.2;
				MTL_ENABLE_DEBUG_INFO = INCLUDE_SOURCE;
				MTL_FAST_MATH = YES;
				OTHER_LDFLAGS = "-ObjC";
				PRODUCT_NAME = "$(TARGET_NAME)";
				SDKROOT = macosx;
				SKIP_INSTALL = YES;
				TARGETED_DEVICE_FAMILY = "1,2";
			};
			name = Debug;
		};
		100F813D2463D77100B0B9EA /* Release */ = {
			isa = XCBuildConfiguration;
			buildSettings = {
				CODE_SIGN_IDENTITY = "iPhone Developer";
				CODE_SIGN_STYLE = Automatic;
				DEVELOPMENT_TEAM = 855SPZ345Z;
				IPHONEOS_DEPLOYMENT_TARGET = 12.2;
				MTL_FAST_MATH = YES;
				OTHER_LDFLAGS = "-ObjC";
				PRODUCT_NAME = "$(TARGET_NAME)";
				SDKROOT = macosx;
				SKIP_INSTALL = YES;
				TARGETED_DEVICE_FAMILY = "1,2";
				VALIDATE_PRODUCT = YES;
			};
			name = Release;
		};
		10BCA976214F0227009E5911 /* Debug */ = {
			isa = XCBuildConfiguration;
			buildSettings = {
				ALWAYS_SEARCH_USER_PATHS = NO;
				CLANG_ANALYZER_NONNULL = YES;
				CLANG_ANALYZER_NUMBER_OBJECT_CONVERSION = YES_AGGRESSIVE;
				CLANG_CXX_LANGUAGE_STANDARD = "gnu++14";
				CLANG_CXX_LIBRARY = "libc++";
				CLANG_ENABLE_MODULES = YES;
				CLANG_ENABLE_OBJC_ARC = YES;
				CLANG_ENABLE_OBJC_WEAK = YES;
				CLANG_WARN_BLOCK_CAPTURE_AUTORELEASING = YES;
				CLANG_WARN_BOOL_CONVERSION = YES;
				CLANG_WARN_COMMA = YES;
				CLANG_WARN_CONSTANT_CONVERSION = YES;
				CLANG_WARN_DEPRECATED_OBJC_IMPLEMENTATIONS = YES;
				CLANG_WARN_DIRECT_OBJC_ISA_USAGE = YES_ERROR;
				CLANG_WARN_DOCUMENTATION_COMMENTS = YES;
				CLANG_WARN_EMPTY_BODY = YES;
				CLANG_WARN_ENUM_CONVERSION = YES;
				CLANG_WARN_INFINITE_RECURSION = YES;
				CLANG_WARN_INT_CONVERSION = YES;
				CLANG_WARN_NON_LITERAL_NULL_CONVERSION = YES;
				CLANG_WARN_OBJC_IMPLICIT_RETAIN_SELF = YES;
				CLANG_WARN_OBJC_LITERAL_CONVERSION = YES;
				CLANG_WARN_OBJC_ROOT_CLASS = YES_ERROR;
				CLANG_WARN_RANGE_LOOP_ANALYSIS = YES;
				CLANG_WARN_STRICT_PROTOTYPES = YES;
				CLANG_WARN_SUSPICIOUS_MOVE = YES;
				CLANG_WARN_UNGUARDED_AVAILABILITY = YES_AGGRESSIVE;
				CLANG_WARN_UNREACHABLE_CODE = YES;
				CLANG_WARN__DUPLICATE_METHOD_MATCH = YES;
				CODE_SIGN_IDENTITY = "-";
				COPY_PHASE_STRIP = NO;
				DEBUG_INFORMATION_FORMAT = dwarf;
				ENABLE_STRICT_OBJC_MSGSEND = YES;
				ENABLE_TESTABILITY = YES;
				GCC_C_LANGUAGE_STANDARD = gnu11;
				GCC_DYNAMIC_NO_PIC = NO;
				GCC_NO_COMMON_BLOCKS = YES;
				GCC_OPTIMIZATION_LEVEL = 0;
				GCC_PREPROCESSOR_DEFINITIONS = (
					"DEBUG=1",
					"$(inherited)",
				);
				GCC_WARN_64_TO_32_BIT_CONVERSION = YES;
				GCC_WARN_ABOUT_RETURN_TYPE = YES_ERROR;
				GCC_WARN_UNDECLARED_SELECTOR = YES;
				GCC_WARN_UNINITIALIZED_AUTOS = YES_AGGRESSIVE;
				GCC_WARN_UNUSED_FUNCTION = YES;
				GCC_WARN_UNUSED_VARIABLE = YES;
				MACOSX_DEPLOYMENT_TARGET = 10.13;
				MTL_ENABLE_DEBUG_INFO = YES;
				ONLY_ACTIVE_ARCH = YES;
				SDKROOT = macosx;
			};
			name = Debug;
		};
		10BCA977214F0227009E5911 /* Release */ = {
			isa = XCBuildConfiguration;
			buildSettings = {
				ALWAYS_SEARCH_USER_PATHS = NO;
				CLANG_ANALYZER_NONNULL = YES;
				CLANG_ANALYZER_NUMBER_OBJECT_CONVERSION = YES_AGGRESSIVE;
				CLANG_CXX_LANGUAGE_STANDARD = "gnu++14";
				CLANG_CXX_LIBRARY = "libc++";
				CLANG_ENABLE_MODULES = YES;
				CLANG_ENABLE_OBJC_ARC = YES;
				CLANG_ENABLE_OBJC_WEAK = YES;
				CLANG_WARN_BLOCK_CAPTURE_AUTORELEASING = YES;
				CLANG_WARN_BOOL_CONVERSION = YES;
				CLANG_WARN_COMMA = YES;
				CLANG_WARN_CONSTANT_CONVERSION = YES;
				CLANG_WARN_DEPRECATED_OBJC_IMPLEMENTATIONS = YES;
				CLANG_WARN_DIRECT_OBJC_ISA_USAGE = YES_ERROR;
				CLANG_WARN_DOCUMENTATION_COMMENTS = YES;
				CLANG_WARN_EMPTY_BODY = YES;
				CLANG_WARN_ENUM_CONVERSION = YES;
				CLANG_WARN_INFINITE_RECURSION = YES;
				CLANG_WARN_INT_CONVERSION = YES;
				CLANG_WARN_NON_LITERAL_NULL_CONVERSION = YES;
				CLANG_WARN_OBJC_IMPLICIT_RETAIN_SELF = YES;
				CLANG_WARN_OBJC_LITERAL_CONVERSION = YES;
				CLANG_WARN_OBJC_ROOT_CLASS = YES_ERROR;
				CLANG_WARN_RANGE_LOOP_ANALYSIS = YES;
				CLANG_WARN_STRICT_PROTOTYPES = YES;
				CLANG_WARN_SUSPICIOUS_MOVE = YES;
				CLANG_WARN_UNGUARDED_AVAILABILITY = YES_AGGRESSIVE;
				CLANG_WARN_UNREACHABLE_CODE = YES;
				CLANG_WARN__DUPLICATE_METHOD_MATCH = YES;
				CODE_SIGN_IDENTITY = "-";
				COPY_PHASE_STRIP = NO;
				DEBUG_INFORMATION_FORMAT = "dwarf-with-dsym";
				ENABLE_NS_ASSERTIONS = NO;
				ENABLE_STRICT_OBJC_MSGSEND = YES;
				GCC_C_LANGUAGE_STANDARD = gnu11;
				GCC_NO_COMMON_BLOCKS = YES;
				GCC_WARN_64_TO_32_BIT_CONVERSION = YES;
				GCC_WARN_ABOUT_RETURN_TYPE = YES_ERROR;
				GCC_WARN_UNDECLARED_SELECTOR = YES;
				GCC_WARN_UNINITIALIZED_AUTOS = YES_AGGRESSIVE;
				GCC_WARN_UNUSED_FUNCTION = YES;
				GCC_WARN_UNUSED_VARIABLE = YES;
				MACOSX_DEPLOYMENT_TARGET = 10.13;
				MTL_ENABLE_DEBUG_INFO = NO;
				SDKROOT = macosx;
			};
			name = Release;
		};
		10BCA979214F0227009E5911 /* Debug */ = {
			isa = XCBuildConfiguration;
			buildSettings = {
				ASSETCATALOG_COMPILER_APPICON_NAME = AppIcon;
				CODE_SIGN_ENTITLEMENTS = Fof/Fof.entitlements;
				CODE_SIGN_IDENTITY = "Mac Developer";
				CODE_SIGN_STYLE = Automatic;
				COMBINE_HIDPI_IMAGES = YES;
				DEVELOPMENT_TEAM = 855SPZ345Z;
				ENABLE_HARDENED_RUNTIME = YES;
				INFOPLIST_FILE = Fof/Info.plist;
				LD_RUNPATH_SEARCH_PATHS = (
					"$(inherited)",
					"@executable_path/../Frameworks",
				);
				PRODUCT_BUNDLE_IDENTIFIER = org.hccp.Fof;
				PRODUCT_NAME = "$(TARGET_NAME)";
				PROVISIONING_PROFILE_SPECIFIER = "";
			};
			name = Debug;
		};
		10BCA97A214F0227009E5911 /* Release */ = {
			isa = XCBuildConfiguration;
			buildSettings = {
				ASSETCATALOG_COMPILER_APPICON_NAME = AppIcon;
				CODE_SIGN_ENTITLEMENTS = Fof/Fof.entitlements;
				CODE_SIGN_IDENTITY = "Mac Developer";
				CODE_SIGN_STYLE = Automatic;
				COMBINE_HIDPI_IMAGES = YES;
				DEVELOPMENT_TEAM = 855SPZ345Z;
				ENABLE_HARDENED_RUNTIME = YES;
				INFOPLIST_FILE = Fof/Info.plist;
				LD_RUNPATH_SEARCH_PATHS = (
					"$(inherited)",
					"@executable_path/../Frameworks",
				);
				PRODUCT_BUNDLE_IDENTIFIER = org.hccp.Fof;
				PRODUCT_NAME = "$(TARGET_NAME)";
				PROVISIONING_PROFILE_SPECIFIER = "";
			};
			name = Release;
		};
		10BCA97C214F0227009E5911 /* Debug */ = {
			isa = XCBuildConfiguration;
			buildSettings = {
				BUNDLE_LOADER = "$(TEST_HOST)";
				CODE_SIGN_STYLE = Automatic;
				COMBINE_HIDPI_IMAGES = YES;
				INFOPLIST_FILE = FofTests/Info.plist;
				LD_RUNPATH_SEARCH_PATHS = (
					"$(inherited)",
					"@executable_path/../Frameworks",
					"@loader_path/../Frameworks",
				);
				PRODUCT_BUNDLE_IDENTIFIER = org.hccp.FofTests;
				PRODUCT_NAME = "$(TARGET_NAME)";
				TEST_HOST = "$(BUILT_PRODUCTS_DIR)/Fof.app/Contents/MacOS/Fof";
			};
			name = Debug;
		};
		10BCA97D214F0227009E5911 /* Release */ = {
			isa = XCBuildConfiguration;
			buildSettings = {
				BUNDLE_LOADER = "$(TEST_HOST)";
				CODE_SIGN_STYLE = Automatic;
				COMBINE_HIDPI_IMAGES = YES;
				INFOPLIST_FILE = FofTests/Info.plist;
				LD_RUNPATH_SEARCH_PATHS = (
					"$(inherited)",
					"@executable_path/../Frameworks",
					"@loader_path/../Frameworks",
				);
				PRODUCT_BUNDLE_IDENTIFIER = org.hccp.FofTests;
				PRODUCT_NAME = "$(TARGET_NAME)";
				TEST_HOST = "$(BUILT_PRODUCTS_DIR)/Fof.app/Contents/MacOS/Fof";
			};
			name = Release;
		};
		10BCA97F214F0227009E5911 /* Debug */ = {
			isa = XCBuildConfiguration;
			buildSettings = {
				CODE_SIGN_STYLE = Automatic;
				COMBINE_HIDPI_IMAGES = YES;
				INFOPLIST_FILE = FofUITests/Info.plist;
				LD_RUNPATH_SEARCH_PATHS = (
					"$(inherited)",
					"@executable_path/../Frameworks",
					"@loader_path/../Frameworks",
				);
				PRODUCT_BUNDLE_IDENTIFIER = org.hccp.FofUITests;
				PRODUCT_NAME = "$(TARGET_NAME)";
				TEST_TARGET_NAME = Fof;
			};
			name = Debug;
		};
		10BCA980214F0227009E5911 /* Release */ = {
			isa = XCBuildConfiguration;
			buildSettings = {
				CODE_SIGN_STYLE = Automatic;
				COMBINE_HIDPI_IMAGES = YES;
				INFOPLIST_FILE = FofUITests/Info.plist;
				LD_RUNPATH_SEARCH_PATHS = (
					"$(inherited)",
					"@executable_path/../Frameworks",
					"@loader_path/../Frameworks",
				);
				PRODUCT_BUNDLE_IDENTIFIER = org.hccp.FofUITests;
				PRODUCT_NAME = "$(TARGET_NAME)";
				TEST_TARGET_NAME = Fof;
			};
			name = Release;
		};
		10E3718F2457DB6C000CF572 /* Debug */ = {
			isa = XCBuildConfiguration;
			buildSettings = {
				ASSETCATALOG_COMPILER_APPICON_NAME = AppIcon;
				CODE_SIGN_IDENTITY = "iPhone Developer";
				CODE_SIGN_STYLE = Automatic;
				DEVELOPMENT_TEAM = 855SPZ345Z;
				INFOPLIST_FILE = Fof4iOS/Info.plist;
				IPHONEOS_DEPLOYMENT_TARGET = 12.2;
				LD_RUNPATH_SEARCH_PATHS = (
					"$(inherited)",
					"@executable_path/Frameworks",
				);
				MTL_ENABLE_DEBUG_INFO = INCLUDE_SOURCE;
				MTL_FAST_MATH = YES;
				PRODUCT_BUNDLE_IDENTIFIER = org.hccp.Fof4iOS;
				PRODUCT_NAME = "$(TARGET_NAME)";
				SDKROOT = iphoneos;
				TARGETED_DEVICE_FAMILY = "1,2";
			};
			name = Debug;
		};
		10E371902457DB6C000CF572 /* Release */ = {
			isa = XCBuildConfiguration;
			buildSettings = {
				ASSETCATALOG_COMPILER_APPICON_NAME = AppIcon;
				CODE_SIGN_IDENTITY = "iPhone Developer";
				CODE_SIGN_STYLE = Automatic;
				DEVELOPMENT_TEAM = 855SPZ345Z;
				INFOPLIST_FILE = Fof4iOS/Info.plist;
				IPHONEOS_DEPLOYMENT_TARGET = 12.2;
				LD_RUNPATH_SEARCH_PATHS = (
					"$(inherited)",
					"@executable_path/Frameworks",
				);
				MTL_FAST_MATH = YES;
				PRODUCT_BUNDLE_IDENTIFIER = org.hccp.Fof4iOS;
				PRODUCT_NAME = "$(TARGET_NAME)";
				SDKROOT = iphoneos;
				TARGETED_DEVICE_FAMILY = "1,2";
				VALIDATE_PRODUCT = YES;
			};
			name = Release;
		};
		10E371912457DB6C000CF572 /* Debug */ = {
			isa = XCBuildConfiguration;
			buildSettings = {
				BUNDLE_LOADER = "$(TEST_HOST)";
				CODE_SIGN_IDENTITY = "iPhone Developer";
				CODE_SIGN_STYLE = Automatic;
				DEVELOPMENT_TEAM = 855SPZ345Z;
				INFOPLIST_FILE = Fof4iOSTests/Info.plist;
				IPHONEOS_DEPLOYMENT_TARGET = 12.2;
				LD_RUNPATH_SEARCH_PATHS = (
					"$(inherited)",
					"@executable_path/Frameworks",
					"@loader_path/Frameworks",
				);
				MTL_ENABLE_DEBUG_INFO = INCLUDE_SOURCE;
				MTL_FAST_MATH = YES;
				PRODUCT_BUNDLE_IDENTIFIER = org.hccp.Fof4iOSTests;
				PRODUCT_NAME = "$(TARGET_NAME)";
				SDKROOT = iphoneos;
				TARGETED_DEVICE_FAMILY = "1,2";
				TEST_HOST = "$(BUILT_PRODUCTS_DIR)/Fof4iOS.app/Fof4iOS";
			};
			name = Debug;
		};
		10E371922457DB6C000CF572 /* Release */ = {
			isa = XCBuildConfiguration;
			buildSettings = {
				BUNDLE_LOADER = "$(TEST_HOST)";
				CODE_SIGN_IDENTITY = "iPhone Developer";
				CODE_SIGN_STYLE = Automatic;
				DEVELOPMENT_TEAM = 855SPZ345Z;
				INFOPLIST_FILE = Fof4iOSTests/Info.plist;
				IPHONEOS_DEPLOYMENT_TARGET = 12.2;
				LD_RUNPATH_SEARCH_PATHS = (
					"$(inherited)",
					"@executable_path/Frameworks",
					"@loader_path/Frameworks",
				);
				MTL_FAST_MATH = YES;
				PRODUCT_BUNDLE_IDENTIFIER = org.hccp.Fof4iOSTests;
				PRODUCT_NAME = "$(TARGET_NAME)";
				SDKROOT = iphoneos;
				TARGETED_DEVICE_FAMILY = "1,2";
				TEST_HOST = "$(BUILT_PRODUCTS_DIR)/Fof4iOS.app/Fof4iOS";
				VALIDATE_PRODUCT = YES;
			};
			name = Release;
		};
		10E371932457DB6C000CF572 /* Debug */ = {
			isa = XCBuildConfiguration;
			buildSettings = {
				CODE_SIGN_IDENTITY = "iPhone Developer";
				CODE_SIGN_STYLE = Automatic;
				DEVELOPMENT_TEAM = 855SPZ345Z;
				INFOPLIST_FILE = Fof4iOSUITests/Info.plist;
				IPHONEOS_DEPLOYMENT_TARGET = 12.2;
				LD_RUNPATH_SEARCH_PATHS = (
					"$(inherited)",
					"@executable_path/Frameworks",
					"@loader_path/Frameworks",
				);
				MTL_ENABLE_DEBUG_INFO = INCLUDE_SOURCE;
				MTL_FAST_MATH = YES;
				PRODUCT_BUNDLE_IDENTIFIER = org.hccp.Fof4iOSUITests;
				PRODUCT_NAME = "$(TARGET_NAME)";
				SDKROOT = iphoneos;
				TARGETED_DEVICE_FAMILY = "1,2";
				TEST_TARGET_NAME = Fof4iOS;
			};
			name = Debug;
		};
		10E371942457DB6C000CF572 /* Release */ = {
			isa = XCBuildConfiguration;
			buildSettings = {
				CODE_SIGN_IDENTITY = "iPhone Developer";
				CODE_SIGN_STYLE = Automatic;
				DEVELOPMENT_TEAM = 855SPZ345Z;
				INFOPLIST_FILE = Fof4iOSUITests/Info.plist;
				IPHONEOS_DEPLOYMENT_TARGET = 12.2;
				LD_RUNPATH_SEARCH_PATHS = (
					"$(inherited)",
					"@executable_path/Frameworks",
					"@loader_path/Frameworks",
				);
				MTL_FAST_MATH = YES;
				PRODUCT_BUNDLE_IDENTIFIER = org.hccp.Fof4iOSUITests;
				PRODUCT_NAME = "$(TARGET_NAME)";
				SDKROOT = iphoneos;
				TARGETED_DEVICE_FAMILY = "1,2";
				TEST_TARGET_NAME = Fof4iOS;
				VALIDATE_PRODUCT = YES;
			};
			name = Release;
		};
		10E371A32457DEDA000CF572 /* Debug */ = {
			isa = XCBuildConfiguration;
			buildSettings = {
				CODE_SIGN_IDENTITY = "iPhone Developer";
				CODE_SIGN_STYLE = Automatic;
				DEVELOPMENT_TEAM = 855SPZ345Z;
				IPHONEOS_DEPLOYMENT_TARGET = 12.2;
				MTL_ENABLE_DEBUG_INFO = INCLUDE_SOURCE;
				MTL_FAST_MATH = YES;
				OTHER_LDFLAGS = "-ObjC";
				PRODUCT_NAME = "$(TARGET_NAME)";
				SDKROOT = iphoneos;
				SKIP_INSTALL = YES;
				TARGETED_DEVICE_FAMILY = "1,2";
			};
			name = Debug;
		};
		10E371A42457DEDA000CF572 /* Release */ = {
			isa = XCBuildConfiguration;
			buildSettings = {
				CODE_SIGN_IDENTITY = "iPhone Developer";
				CODE_SIGN_STYLE = Automatic;
				DEVELOPMENT_TEAM = 855SPZ345Z;
				IPHONEOS_DEPLOYMENT_TARGET = 12.2;
				MTL_FAST_MATH = YES;
				OTHER_LDFLAGS = "-ObjC";
				PRODUCT_NAME = "$(TARGET_NAME)";
				SDKROOT = iphoneos;
				SKIP_INSTALL = YES;
				TARGETED_DEVICE_FAMILY = "1,2";
				VALIDATE_PRODUCT = YES;
			};
			name = Release;
		};
/* End XCBuildConfiguration section */

/* Begin XCConfigurationList section */
		100F813E2463D77100B0B9EA /* Build configuration list for PBXNativeTarget "libFoF4MacOS" */ = {
			isa = XCConfigurationList;
			buildConfigurations = (
				100F813C2463D77100B0B9EA /* Debug */,
				100F813D2463D77100B0B9EA /* Release */,
			);
			defaultConfigurationIsVisible = 0;
			defaultConfigurationName = Release;
		};
		10BCA949214F0224009E5911 /* Build configuration list for PBXProject "Fof" */ = {
			isa = XCConfigurationList;
			buildConfigurations = (
				10BCA976214F0227009E5911 /* Debug */,
				10BCA977214F0227009E5911 /* Release */,
			);
			defaultConfigurationIsVisible = 0;
			defaultConfigurationName = Release;
		};
		10BCA978214F0227009E5911 /* Build configuration list for PBXNativeTarget "Fof" */ = {
			isa = XCConfigurationList;
			buildConfigurations = (
				10BCA979214F0227009E5911 /* Debug */,
				10BCA97A214F0227009E5911 /* Release */,
			);
			defaultConfigurationIsVisible = 0;
			defaultConfigurationName = Release;
		};
		10BCA97B214F0227009E5911 /* Build configuration list for PBXNativeTarget "FofTests" */ = {
			isa = XCConfigurationList;
			buildConfigurations = (
				10BCA97C214F0227009E5911 /* Debug */,
				10BCA97D214F0227009E5911 /* Release */,
			);
			defaultConfigurationIsVisible = 0;
			defaultConfigurationName = Release;
		};
		10BCA97E214F0227009E5911 /* Build configuration list for PBXNativeTarget "FofUITests" */ = {
			isa = XCConfigurationList;
			buildConfigurations = (
				10BCA97F214F0227009E5911 /* Debug */,
				10BCA980214F0227009E5911 /* Release */,
			);
			defaultConfigurationIsVisible = 0;
			defaultConfigurationName = Release;
		};
		10E371952457DB6C000CF572 /* Build configuration list for PBXNativeTarget "Fof4iOS" */ = {
			isa = XCConfigurationList;
			buildConfigurations = (
				10E3718F2457DB6C000CF572 /* Debug */,
				10E371902457DB6C000CF572 /* Release */,
			);
			defaultConfigurationIsVisible = 0;
			defaultConfigurationName = Release;
		};
		10E371962457DB6C000CF572 /* Build configuration list for PBXNativeTarget "Fof4iOSTests" */ = {
			isa = XCConfigurationList;
			buildConfigurations = (
				10E371912457DB6C000CF572 /* Debug */,
				10E371922457DB6C000CF572 /* Release */,
			);
			defaultConfigurationIsVisible = 0;
			defaultConfigurationName = Release;
		};
		10E371972457DB6C000CF572 /* Build configuration list for PBXNativeTarget "Fof4iOSUITests" */ = {
			isa = XCConfigurationList;
			buildConfigurations = (
				10E371932457DB6C000CF572 /* Debug */,
				10E371942457DB6C000CF572 /* Release */,
			);
			defaultConfigurationIsVisible = 0;
			defaultConfigurationName = Release;
		};
		10E371A22457DEDA000CF572 /* Build configuration list for PBXNativeTarget "libFoF4iOS" */ = {
			isa = XCConfigurationList;
			buildConfigurations = (
				10E371A32457DEDA000CF572 /* Debug */,
				10E371A42457DEDA000CF572 /* Release */,
			);
			defaultConfigurationIsVisible = 0;
			defaultConfigurationName = Release;
		};
/* End XCConfigurationList section */

/* Begin XCVersionGroup section */
		10E3716E2457DB65000CF572 /* Fof4iOS.xcdatamodeld */ = {
			isa = XCVersionGroup;
			children = (
				10E3716F2457DB65000CF572 /* Fof4iOS.xcdatamodel */,
			);
			currentVersion = 10E3716F2457DB65000CF572 /* Fof4iOS.xcdatamodel */;
			path = Fof4iOS.xcdatamodeld;
			sourceTree = "<group>";
			versionGroupType = wrapper.xcdatamodel;
		};
/* End XCVersionGroup section */
	};
	rootObject = 10BCA946214F0224009E5911 /* Project object */;
}
